// !$*UTF8*$!
{
	archiveVersion = 1;
	classes = {
	};
	objectVersion = 45;
	objects = {

/* Begin PBXBuildFile section */
		1D60589B0D05DD56006BFB54 /* main.m in Sources */ = {isa = PBXBuildFile; fileRef = 29B97316FDCFA39411CA2CEA /* main.m */; };
		1D60589F0D05DD5A006BFB54 /* Foundation.framework in Frameworks */ = {isa = PBXBuildFile; fileRef = 1D30AB110D05D00D00671497 /* Foundation.framework */; };
		1DF5F4E00D08C38300B7A737 /* UIKit.framework in Frameworks */ = {isa = PBXBuildFile; fileRef = 1DF5F4DF0D08C38300B7A737 /* UIKit.framework */; };
		288765FD0DF74451002DB57D /* CoreGraphics.framework in Frameworks */ = {isa = PBXBuildFile; fileRef = 288765FC0DF74451002DB57D /* CoreGraphics.framework */; };
		28AD733F0D9D9553002E5188 /* MainWindow.xib in Resources */ = {isa = PBXBuildFile; fileRef = 28AD733E0D9D9553002E5188 /* MainWindow.xib */; };
		461BECB00FA669650014E684 /* SourceCodeOpener.m in Sources */ = {isa = PBXBuildFile; fileRef = 461BECAF0FA669650014E684 /* SourceCodeOpener.m */; };
		461BECB40FA6697F0014E684 /* IUTPreference.m in Sources */ = {isa = PBXBuildFile; fileRef = 461BECB30FA6697F0014E684 /* IUTPreference.m */; };
		461BECCC0FA669BB0014E684 /* Settings.bundle in Resources */ = {isa = PBXBuildFile; fileRef = 461BECCB0FA669BB0014E684 /* Settings.bundle */; };
		461BECD80FA669F80014E684 /* isd_logo_60x40_w.png in Resources */ = {isa = PBXBuildFile; fileRef = 461BECD70FA669F80014E684 /* isd_logo_60x40_w.png */; };
		461BECDC0FA66A2B0014E684 /* icon.png in Resources */ = {isa = PBXBuildFile; fileRef = 461BECDB0FA66A2B0014E684 /* icon.png */; };
		4620593D0F28CB5700857D87 /* DetailView.xib in Resources */ = {isa = PBXBuildFile; fileRef = 4620593C0F28CB5700857D87 /* DetailView.xib */; };
		465B04250F2056FF000E8FE2 /* TestView.xib in Resources */ = {isa = PBXBuildFile; fileRef = 465B04240F2056FF000E8FE2 /* TestView.xib */; };
		46C6AB570F2DBE7E00BA1B73 /* AppDelegate.m in Sources */ = {isa = PBXBuildFile; fileRef = 46C6AB3E0F2DBE7E00BA1B73 /* AppDelegate.m */; };
		46C6AB580F2DBE7E00BA1B73 /* UINavigationBarBasedTest.m in Sources */ = {isa = PBXBuildFile; fileRef = 46C6AB420F2DBE7E00BA1B73 /* UINavigationBarBasedTest.m */; };
		46C6AB590F2DBE7E00BA1B73 /* UITabBarAndNavigationBarBasedTest.m in Sources */ = {isa = PBXBuildFile; fileRef = 46C6AB440F2DBE7E00BA1B73 /* UITabBarAndNavigationBarBasedTest.m */; };
		46C6AB5A0F2DBE7E00BA1B73 /* UITabBarBasedTest.m in Sources */ = {isa = PBXBuildFile; fileRef = 46C6AB460F2DBE7E00BA1B73 /* UITabBarBasedTest.m */; };
		46C6AB5B0F2DBE7E00BA1B73 /* IUTAssertion.m in Sources */ = {isa = PBXBuildFile; fileRef = 46C6AB480F2DBE7E00BA1B73 /* IUTAssertion.m */; };
		46C6AB5C0F2DBE7E00BA1B73 /* IUTAssertionInfo.m in Sources */ = {isa = PBXBuildFile; fileRef = 46C6AB4A0F2DBE7E00BA1B73 /* IUTAssertionInfo.m */; };
		46C6AB5D0F2DBE7E00BA1B73 /* IUTDetailViewController.m in Sources */ = {isa = PBXBuildFile; fileRef = 46C6AB4C0F2DBE7E00BA1B73 /* IUTDetailViewController.m */; };
		46C6AB5E0F2DBE7E00BA1B73 /* IUTResultTableViewCell.m in Sources */ = {isa = PBXBuildFile; fileRef = 46C6AB4E0F2DBE7E00BA1B73 /* IUTResultTableViewCell.m */; };
		46C6AB5F0F2DBE7E00BA1B73 /* IUTResultTableViewController.m in Sources */ = {isa = PBXBuildFile; fileRef = 46C6AB500F2DBE7E00BA1B73 /* IUTResultTableViewController.m */; };
		46C6AB600F2DBE7E00BA1B73 /* IUTTest.m in Sources */ = {isa = PBXBuildFile; fileRef = 46C6AB520F2DBE7E00BA1B73 /* IUTTest.m */; };
		46C6AB610F2DBE7E00BA1B73 /* IUTTestRunner.m in Sources */ = {isa = PBXBuildFile; fileRef = 46C6AB540F2DBE7E00BA1B73 /* IUTTestRunner.m */; };
		46C6AB620F2DBE7E00BA1B73 /* IUTTestRunnerViewController.m in Sources */ = {isa = PBXBuildFile; fileRef = 46C6AB560F2DBE7E00BA1B73 /* IUTTestRunnerViewController.m */; };
		46C70DF50F2DE07800541593 /* RootViewControllerTest.m in Sources */ = {isa = PBXBuildFile; fileRef = 46C70DF40F2DE07800541593 /* RootViewControllerTest.m */; };
		46C70DFA0F2DE12D00541593 /* RootViewController.m in Sources */ = {isa = PBXBuildFile; fileRef = 46C70DF90F2DE12D00541593 /* RootViewController.m */; };
		46EE56DD0FE853F1001BE323 /* NSExceptionExtension.m in Sources */ = {isa = PBXBuildFile; fileRef = 46EE56DC0FE853F1001BE323 /* NSExceptionExtension.m */; };
/* End PBXBuildFile section */

/* Begin PBXFileReference section */
		1D30AB110D05D00D00671497 /* Foundation.framework */ = {isa = PBXFileReference; lastKnownFileType = wrapper.framework; name = Foundation.framework; path = System/Library/Frameworks/Foundation.framework; sourceTree = SDKROOT; };
		1D6058910D05DD3D006BFB54 /* PrefecturesTest.app */ = {isa = PBXFileReference; explicitFileType = wrapper.application; includeInIndex = 0; path = PrefecturesTest.app; sourceTree = BUILT_PRODUCTS_DIR; };
		1DF5F4DF0D08C38300B7A737 /* UIKit.framework */ = {isa = PBXFileReference; lastKnownFileType = wrapper.framework; name = UIKit.framework; path = System/Library/Frameworks/UIKit.framework; sourceTree = SDKROOT; };
		288765FC0DF74451002DB57D /* CoreGraphics.framework */ = {isa = PBXFileReference; lastKnownFileType = wrapper.framework; name = CoreGraphics.framework; path = System/Library/Frameworks/CoreGraphics.framework; sourceTree = SDKROOT; };
		28AD733E0D9D9553002E5188 /* MainWindow.xib */ = {isa = PBXFileReference; lastKnownFileType = file.xib; path = MainWindow.xib; sourceTree = "<group>"; };
		29B97316FDCFA39411CA2CEA /* main.m */ = {isa = PBXFileReference; fileEncoding = 4; lastKnownFileType = sourcecode.c.objc; path = main.m; sourceTree = "<group>"; };
		32CA4F630368D1EE00C91783 /* iUnitTest_Prefix.pch */ = {isa = PBXFileReference; fileEncoding = 4; lastKnownFileType = sourcecode.c.h; path = iUnitTest_Prefix.pch; sourceTree = "<group>"; };
		461BECAE0FA669650014E684 /* SourceCodeOpener.h */ = {isa = PBXFileReference; fileEncoding = 4; lastKnownFileType = sourcecode.c.h; path = SourceCodeOpener.h; sourceTree = "<group>"; };
		461BECAF0FA669650014E684 /* SourceCodeOpener.m */ = {isa = PBXFileReference; fileEncoding = 4; lastKnownFileType = sourcecode.c.objc; path = SourceCodeOpener.m; sourceTree = "<group>"; };
		461BECB20FA6697F0014E684 /* IUTPreference.h */ = {isa = PBXFileReference; fileEncoding = 4; lastKnownFileType = sourcecode.c.h; path = IUTPreference.h; sourceTree = "<group>"; };
		461BECB30FA6697F0014E684 /* IUTPreference.m */ = {isa = PBXFileReference; fileEncoding = 4; lastKnownFileType = sourcecode.c.objc; path = IUTPreference.m; sourceTree = "<group>"; };
		461BECCB0FA669BB0014E684 /* Settings.bundle */ = {isa = PBXFileReference; lastKnownFileType = "wrapper.plug-in"; path = Settings.bundle; sourceTree = "<group>"; };
		461BECD70FA669F80014E684 /* isd_logo_60x40_w.png */ = {isa = PBXFileReference; lastKnownFileType = image.png; path = isd_logo_60x40_w.png; sourceTree = "<group>"; };
		461BECDB0FA66A2B0014E684 /* icon.png */ = {isa = PBXFileReference; lastKnownFileType = image.png; path = icon.png; sourceTree = "<group>"; };
		4620593C0F28CB5700857D87 /* DetailView.xib */ = {isa = PBXFileReference; lastKnownFileType = file.xib; path = DetailView.xib; sourceTree = "<group>"; };
		465B04240F2056FF000E8FE2 /* TestView.xib */ = {isa = PBXFileReference; lastKnownFileType = file.xib; path = TestView.xib; sourceTree = "<group>"; };
		46C6AB3D0F2DBE7E00BA1B73 /* AppDelegate.h */ = {isa = PBXFileReference; fileEncoding = 4; lastKnownFileType = sourcecode.c.h; path = AppDelegate.h; sourceTree = "<group>"; };
		46C6AB3E0F2DBE7E00BA1B73 /* AppDelegate.m */ = {isa = PBXFileReference; fileEncoding = 4; lastKnownFileType = sourcecode.c.objc; path = AppDelegate.m; sourceTree = "<group>"; };
		46C6AB410F2DBE7E00BA1B73 /* UINavigationBarBasedTest.h */ = {isa = PBXFileReference; fileEncoding = 4; lastKnownFileType = sourcecode.c.h; path = UINavigationBarBasedTest.h; sourceTree = "<group>"; };
		46C6AB420F2DBE7E00BA1B73 /* UINavigationBarBasedTest.m */ = {isa = PBXFileReference; fileEncoding = 4; lastKnownFileType = sourcecode.c.objc; path = UINavigationBarBasedTest.m; sourceTree = "<group>"; };
		46C6AB430F2DBE7E00BA1B73 /* UITabBarAndNavigationBarBasedTest.h */ = {isa = PBXFileReference; fileEncoding = 4; lastKnownFileType = sourcecode.c.h; path = UITabBarAndNavigationBarBasedTest.h; sourceTree = "<group>"; };
		46C6AB440F2DBE7E00BA1B73 /* UITabBarAndNavigationBarBasedTest.m */ = {isa = PBXFileReference; fileEncoding = 4; lastKnownFileType = sourcecode.c.objc; path = UITabBarAndNavigationBarBasedTest.m; sourceTree = "<group>"; };
		46C6AB450F2DBE7E00BA1B73 /* UITabBarBasedTest.h */ = {isa = PBXFileReference; fileEncoding = 4; lastKnownFileType = sourcecode.c.h; path = UITabBarBasedTest.h; sourceTree = "<group>"; };
		46C6AB460F2DBE7E00BA1B73 /* UITabBarBasedTest.m */ = {isa = PBXFileReference; fileEncoding = 4; lastKnownFileType = sourcecode.c.objc; path = UITabBarBasedTest.m; sourceTree = "<group>"; };
		46C6AB470F2DBE7E00BA1B73 /* IUTAssertion.h */ = {isa = PBXFileReference; fileEncoding = 4; lastKnownFileType = sourcecode.c.h; path = IUTAssertion.h; sourceTree = "<group>"; };
		46C6AB480F2DBE7E00BA1B73 /* IUTAssertion.m */ = {isa = PBXFileReference; fileEncoding = 4; lastKnownFileType = sourcecode.c.objc; path = IUTAssertion.m; sourceTree = "<group>"; };
		46C6AB490F2DBE7E00BA1B73 /* IUTAssertionInfo.h */ = {isa = PBXFileReference; fileEncoding = 4; lastKnownFileType = sourcecode.c.h; path = IUTAssertionInfo.h; sourceTree = "<group>"; };
		46C6AB4A0F2DBE7E00BA1B73 /* IUTAssertionInfo.m */ = {isa = PBXFileReference; fileEncoding = 4; lastKnownFileType = sourcecode.c.objc; path = IUTAssertionInfo.m; sourceTree = "<group>"; };
		46C6AB4B0F2DBE7E00BA1B73 /* IUTDetailViewController.h */ = {isa = PBXFileReference; fileEncoding = 4; lastKnownFileType = sourcecode.c.h; path = IUTDetailViewController.h; sourceTree = "<group>"; };
		46C6AB4C0F2DBE7E00BA1B73 /* IUTDetailViewController.m */ = {isa = PBXFileReference; fileEncoding = 4; lastKnownFileType = sourcecode.c.objc; path = IUTDetailViewController.m; sourceTree = "<group>"; };
		46C6AB4D0F2DBE7E00BA1B73 /* IUTResultTableViewCell.h */ = {isa = PBXFileReference; fileEncoding = 4; lastKnownFileType = sourcecode.c.h; path = IUTResultTableViewCell.h; sourceTree = "<group>"; };
		46C6AB4E0F2DBE7E00BA1B73 /* IUTResultTableViewCell.m */ = {isa = PBXFileReference; fileEncoding = 4; lastKnownFileType = sourcecode.c.objc; path = IUTResultTableViewCell.m; sourceTree = "<group>"; };
		46C6AB4F0F2DBE7E00BA1B73 /* IUTResultTableViewController.h */ = {isa = PBXFileReference; fileEncoding = 4; lastKnownFileType = sourcecode.c.h; path = IUTResultTableViewController.h; sourceTree = "<group>"; };
		46C6AB500F2DBE7E00BA1B73 /* IUTResultTableViewController.m */ = {isa = PBXFileReference; fileEncoding = 4; lastKnownFileType = sourcecode.c.objc; path = IUTResultTableViewController.m; sourceTree = "<group>"; };
		46C6AB510F2DBE7E00BA1B73 /* IUTTest.h */ = {isa = PBXFileReference; fileEncoding = 4; lastKnownFileType = sourcecode.c.h; path = IUTTest.h; sourceTree = "<group>"; };
		46C6AB520F2DBE7E00BA1B73 /* IUTTest.m */ = {isa = PBXFileReference; fileEncoding = 4; lastKnownFileType = sourcecode.c.objc; path = IUTTest.m; sourceTree = "<group>"; };
		46C6AB530F2DBE7E00BA1B73 /* IUTTestRunner.h */ = {isa = PBXFileReference; fileEncoding = 4; lastKnownFileType = sourcecode.c.h; path = IUTTestRunner.h; sourceTree = "<group>"; };
		46C6AB540F2DBE7E00BA1B73 /* IUTTestRunner.m */ = {isa = PBXFileReference; fileEncoding = 4; lastKnownFileType = sourcecode.c.objc; path = IUTTestRunner.m; sourceTree = "<group>"; };
		46C6AB550F2DBE7E00BA1B73 /* IUTTestRunnerViewController.h */ = {isa = PBXFileReference; fileEncoding = 4; lastKnownFileType = sourcecode.c.h; path = IUTTestRunnerViewController.h; sourceTree = "<group>"; };
		46C6AB560F2DBE7E00BA1B73 /* IUTTestRunnerViewController.m */ = {isa = PBXFileReference; fileEncoding = 4; lastKnownFileType = sourcecode.c.objc; path = IUTTestRunnerViewController.m; sourceTree = "<group>"; };
		46C70DF30F2DE07800541593 /* RootViewControllerTest.h */ = {isa = PBXFileReference; fileEncoding = 4; lastKnownFileType = sourcecode.c.h; path = RootViewControllerTest.h; sourceTree = "<group>"; };
		46C70DF40F2DE07800541593 /* RootViewControllerTest.m */ = {isa = PBXFileReference; fileEncoding = 4; lastKnownFileType = sourcecode.c.objc; path = RootViewControllerTest.m; sourceTree = "<group>"; };
		46C70DF80F2DE12D00541593 /* RootViewController.h */ = {isa = PBXFileReference; fileEncoding = 4; lastKnownFileType = sourcecode.c.h; name = RootViewController.h; path = ../Prefectures/Classes/RootViewController.h; sourceTree = SOURCE_ROOT; };
		46C70DF90F2DE12D00541593 /* RootViewController.m */ = {isa = PBXFileReference; fileEncoding = 4; lastKnownFileType = sourcecode.c.objc; name = RootViewController.m; path = ../Prefectures/Classes/RootViewController.m; sourceTree = SOURCE_ROOT; };
		46EE56DB0FE853F1001BE323 /* NSExceptionExtension.h */ = {isa = PBXFileReference; fileEncoding = 4; lastKnownFileType = sourcecode.c.h; path = NSExceptionExtension.h; sourceTree = "<group>"; };
		46EE56DC0FE853F1001BE323 /* NSExceptionExtension.m */ = {isa = PBXFileReference; fileEncoding = 4; lastKnownFileType = sourcecode.c.objc; path = NSExceptionExtension.m; sourceTree = "<group>"; };
		8D1107310486CEB800E47090 /* Info.plist */ = {isa = PBXFileReference; fileEncoding = 4; lastKnownFileType = text.plist.xml; path = Info.plist; sourceTree = "<group>"; };
/* End PBXFileReference section */

/* Begin PBXFrameworksBuildPhase section */
		1D60588F0D05DD3D006BFB54 /* Frameworks */ = {
			isa = PBXFrameworksBuildPhase;
			buildActionMask = 2147483647;
			files = (
				1D60589F0D05DD5A006BFB54 /* Foundation.framework in Frameworks */,
				1DF5F4E00D08C38300B7A737 /* UIKit.framework in Frameworks */,
				288765FD0DF74451002DB57D /* CoreGraphics.framework in Frameworks */,
			);
			runOnlyForDeploymentPostprocessing = 0;
		};
/* End PBXFrameworksBuildPhase section */

/* Begin PBXGroup section */
		19C28FACFE9D520D11CA2CBB /* Products */ = {
			isa = PBXGroup;
			children = (
				1D6058910D05DD3D006BFB54 /* PrefecturesTest.app */,
			);
			name = Products;
			sourceTree = "<group>";
		};
		29B97314FDCFA39411CA2CEA /* CustomTemplate */ = {
			isa = PBXGroup;
			children = (
				46C20FD50F256E610053F9B9 /* TargetClasses */,
				46C20FD60F256E610053F9B9 /* Tests */,
				46C6AB3C0F2DBE7E00BA1B73 /* Classes */,
				29B97315FDCFA39411CA2CEA /* Other Sources */,
				29B97317FDCFA39411CA2CEA /* Resources */,
				29B97323FDCFA39411CA2CEA /* Frameworks */,
				19C28FACFE9D520D11CA2CBB /* Products */,
			);
			name = CustomTemplate;
			sourceTree = "<group>";
		};
		29B97315FDCFA39411CA2CEA /* Other Sources */ = {
			isa = PBXGroup;
			children = (
				32CA4F630368D1EE00C91783 /* iUnitTest_Prefix.pch */,
				29B97316FDCFA39411CA2CEA /* main.m */,
			);
			name = "Other Sources";
			sourceTree = "<group>";
		};
		29B97317FDCFA39411CA2CEA /* Resources */ = {
			isa = PBXGroup;
			children = (
				461BECDB0FA66A2B0014E684 /* icon.png */,
				461BECD70FA669F80014E684 /* isd_logo_60x40_w.png */,
				461BECCB0FA669BB0014E684 /* Settings.bundle */,
				4620593C0F28CB5700857D87 /* DetailView.xib */,
				28AD733E0D9D9553002E5188 /* MainWindow.xib */,
				8D1107310486CEB800E47090 /* Info.plist */,
				465B04240F2056FF000E8FE2 /* TestView.xib */,
			);
			name = Resources;
			sourceTree = "<group>";
		};
		29B97323FDCFA39411CA2CEA /* Frameworks */ = {
			isa = PBXGroup;
			children = (
				1DF5F4DF0D08C38300B7A737 /* UIKit.framework */,
				1D30AB110D05D00D00671497 /* Foundation.framework */,
				288765FC0DF74451002DB57D /* CoreGraphics.framework */,
			);
			name = Frameworks;
			sourceTree = "<group>";
		};
		46C20FD50F256E610053F9B9 /* TargetClasses */ = {
			isa = PBXGroup;
			children = (
				46C70DF80F2DE12D00541593 /* RootViewController.h */,
				46C70DF90F2DE12D00541593 /* RootViewController.m */,
			);
			path = TargetClasses;
			sourceTree = "<group>";
		};
		46C20FD60F256E610053F9B9 /* Tests */ = {
			isa = PBXGroup;
			children = (
				46C70DF30F2DE07800541593 /* RootViewControllerTest.h */,
				46C70DF40F2DE07800541593 /* RootViewControllerTest.m */,
			);
			path = Tests;
			sourceTree = "<group>";
		};
		46C6AB3C0F2DBE7E00BA1B73 /* Classes */ = {
			isa = PBXGroup;
			children = (
				46C6AB3D0F2DBE7E00BA1B73 /* AppDelegate.h */,
				46C6AB3E0F2DBE7E00BA1B73 /* AppDelegate.m */,
				46C6AB3F0F2DBE7E00BA1B73 /* UnitTest */,
			);
			path = Classes;
			sourceTree = "<group>";
		};
		46C6AB3F0F2DBE7E00BA1B73 /* UnitTest */ = {
			isa = PBXGroup;
			children = (
				46C6AB400F2DBE7E00BA1B73 /* ControllerTest */,
				46EE56DB0FE853F1001BE323 /* NSExceptionExtension.h */,
				46EE56DC0FE853F1001BE323 /* NSExceptionExtension.m */,
				46C6AB470F2DBE7E00BA1B73 /* IUTAssertion.h */,
				46C6AB480F2DBE7E00BA1B73 /* IUTAssertion.m */,
				46C6AB490F2DBE7E00BA1B73 /* IUTAssertionInfo.h */,
				46C6AB4A0F2DBE7E00BA1B73 /* IUTAssertionInfo.m */,
				46C6AB4B0F2DBE7E00BA1B73 /* IUTDetailViewController.h */,
				46C6AB4C0F2DBE7E00BA1B73 /* IUTDetailViewController.m */,
				46C6AB4D0F2DBE7E00BA1B73 /* IUTResultTableViewCell.h */,
				46C6AB4E0F2DBE7E00BA1B73 /* IUTResultTableViewCell.m */,
				46C6AB4F0F2DBE7E00BA1B73 /* IUTResultTableViewController.h */,
				46C6AB500F2DBE7E00BA1B73 /* IUTResultTableViewController.m */,
				46C6AB510F2DBE7E00BA1B73 /* IUTTest.h */,
				46C6AB520F2DBE7E00BA1B73 /* IUTTest.m */,
				46C6AB530F2DBE7E00BA1B73 /* IUTTestRunner.h */,
				46C6AB540F2DBE7E00BA1B73 /* IUTTestRunner.m */,
				46C6AB550F2DBE7E00BA1B73 /* IUTTestRunnerViewController.h */,
				46C6AB560F2DBE7E00BA1B73 /* IUTTestRunnerViewController.m */,
				461BECB20FA6697F0014E684 /* IUTPreference.h */,
				461BECB30FA6697F0014E684 /* IUTPreference.m */,
				461BECAE0FA669650014E684 /* SourceCodeOpener.h */,
				461BECAF0FA669650014E684 /* SourceCodeOpener.m */,
			);
			path = UnitTest;
			sourceTree = "<group>";
		};
		46C6AB400F2DBE7E00BA1B73 /* ControllerTest */ = {
			isa = PBXGroup;
			children = (
				46C6AB410F2DBE7E00BA1B73 /* UINavigationBarBasedTest.h */,
				46C6AB420F2DBE7E00BA1B73 /* UINavigationBarBasedTest.m */,
				46C6AB430F2DBE7E00BA1B73 /* UITabBarAndNavigationBarBasedTest.h */,
				46C6AB440F2DBE7E00BA1B73 /* UITabBarAndNavigationBarBasedTest.m */,
				46C6AB450F2DBE7E00BA1B73 /* UITabBarBasedTest.h */,
				46C6AB460F2DBE7E00BA1B73 /* UITabBarBasedTest.m */,
			);
			path = ControllerTest;
			sourceTree = "<group>";
		};
/* End PBXGroup section */

/* Begin PBXNativeTarget section */
		1D6058900D05DD3D006BFB54 /* PrefecturesTest */ = {
			isa = PBXNativeTarget;
			buildConfigurationList = 1D6058960D05DD3E006BFB54 /* Build configuration list for PBXNativeTarget "PrefecturesTest" */;
			buildPhases = (
				1D60588D0D05DD3D006BFB54 /* Resources */,
				1D60588E0D05DD3D006BFB54 /* Sources */,
				1D60588F0D05DD3D006BFB54 /* Frameworks */,
			);
			buildRules = (
			);
			dependencies = (
			);
			name = PrefecturesTest;
			productName = PrefecturesTest;
			productReference = 1D6058910D05DD3D006BFB54 /* PrefecturesTest.app */;
			productType = "com.apple.product-type.application";
		};
/* End PBXNativeTarget section */

/* Begin PBXProject section */
		29B97313FDCFA39411CA2CEA /* Project object */ = {
			isa = PBXProject;
			buildConfigurationList = C01FCF4E08A954540054247B /* Build configuration list for PBXProject "PrefecturesTest" */;
			compatibilityVersion = "Xcode 3.1";
			hasScannedForEncodings = 1;
			mainGroup = 29B97314FDCFA39411CA2CEA /* CustomTemplate */;
			projectDirPath = "";
			projectRoot = "";
			targets = (
				1D6058900D05DD3D006BFB54 /* PrefecturesTest */,
			);
		};
/* End PBXProject section */

/* Begin PBXResourcesBuildPhase section */
		1D60588D0D05DD3D006BFB54 /* Resources */ = {
			isa = PBXResourcesBuildPhase;
			buildActionMask = 2147483647;
			files = (
				28AD733F0D9D9553002E5188 /* MainWindow.xib in Resources */,
				465B04250F2056FF000E8FE2 /* TestView.xib in Resources */,
				4620593D0F28CB5700857D87 /* DetailView.xib in Resources */,
				461BECCC0FA669BB0014E684 /* Settings.bundle in Resources */,
				461BECD80FA669F80014E684 /* isd_logo_60x40_w.png in Resources */,
				461BECDC0FA66A2B0014E684 /* icon.png in Resources */,
			);
			runOnlyForDeploymentPostprocessing = 0;
		};
/* End PBXResourcesBuildPhase section */

/* Begin PBXSourcesBuildPhase section */
		1D60588E0D05DD3D006BFB54 /* Sources */ = {
			isa = PBXSourcesBuildPhase;
			buildActionMask = 2147483647;
			files = (
				1D60589B0D05DD56006BFB54 /* main.m in Sources */,
				46C6AB570F2DBE7E00BA1B73 /* AppDelegate.m in Sources */,
				46C6AB580F2DBE7E00BA1B73 /* UINavigationBarBasedTest.m in Sources */,
				46C6AB590F2DBE7E00BA1B73 /* UITabBarAndNavigationBarBasedTest.m in Sources */,
				46C6AB5A0F2DBE7E00BA1B73 /* UITabBarBasedTest.m in Sources */,
				46C6AB5B0F2DBE7E00BA1B73 /* IUTAssertion.m in Sources */,
				46C6AB5C0F2DBE7E00BA1B73 /* IUTAssertionInfo.m in Sources */,
				46C6AB5D0F2DBE7E00BA1B73 /* IUTDetailViewController.m in Sources */,
				46C6AB5E0F2DBE7E00BA1B73 /* IUTResultTableViewCell.m in Sources */,
				46C6AB5F0F2DBE7E00BA1B73 /* IUTResultTableViewController.m in Sources */,
				46C6AB600F2DBE7E00BA1B73 /* IUTTest.m in Sources */,
				46C6AB610F2DBE7E00BA1B73 /* IUTTestRunner.m in Sources */,
				46C6AB620F2DBE7E00BA1B73 /* IUTTestRunnerViewController.m in Sources */,
				46C70DF50F2DE07800541593 /* RootViewControllerTest.m in Sources */,
				46C70DFA0F2DE12D00541593 /* RootViewController.m in Sources */,
				461BECB00FA669650014E684 /* SourceCodeOpener.m in Sources */,
				461BECB40FA6697F0014E684 /* IUTPreference.m in Sources */,
				46EE56DD0FE853F1001BE323 /* NSExceptionExtension.m in Sources */,
			);
			runOnlyForDeploymentPostprocessing = 0;
		};
/* End PBXSourcesBuildPhase section */

/* Begin XCBuildConfiguration section */
		1D6058940D05DD3E006BFB54 /* Debug */ = {
			isa = XCBuildConfiguration;
			buildSettings = {
				ALWAYS_SEARCH_USER_PATHS = NO;
				COPY_PHASE_STRIP = NO;
				GCC_DYNAMIC_NO_PIC = NO;
				GCC_OPTIMIZATION_LEVEL = 0;
				GCC_PRECOMPILE_PREFIX_HEADER = YES;
				GCC_PREFIX_HEADER = iUnitTest_Prefix.pch;
				INFOPLIST_FILE = Info.plist;
				IPHONEOS_DEPLOYMENT_TARGET = 3.0;
				PRODUCT_NAME = PrefecturesTest;
				SDKROOT = iphonesimulator4.0;
			};
			name = Debug;
		};
		1D6058950D05DD3E006BFB54 /* Release */ = {
			isa = XCBuildConfiguration;
			buildSettings = {
				ALWAYS_SEARCH_USER_PATHS = NO;
				COPY_PHASE_STRIP = YES;
				GCC_PRECOMPILE_PREFIX_HEADER = YES;
				GCC_PREFIX_HEADER = iUnitTest_Prefix.pch;
				INFOPLIST_FILE = Info.plist;
				IPHONEOS_DEPLOYMENT_TARGET = 3.0;
				PRODUCT_NAME = PrefecturesTest;
				SDKROOT = iphonesimulator4.0;
			};
			name = Release;
		};
		C01FCF4F08A954540054247B /* Debug */ = {
			isa = XCBuildConfiguration;
			buildSettings = {
				ARCHS = "$(ARCHS_STANDARD_32_BIT)";
				"CODE_SIGN_IDENTITY[sdk=iphoneos*]" = "iPhone Developer";
				GCC_C_LANGUAGE_STANDARD = c99;
				GCC_WARN_ABOUT_RETURN_TYPE = YES;
				GCC_WARN_UNUSED_VARIABLE = YES;
				ONLY_ACTIVE_ARCH = YES;
				PREBINDING = NO;
				SDKROOT = iphonesimulator4.0;
			};
			name = Debug;
		};
		C01FCF5008A954540054247B /* Release */ = {
			isa = XCBuildConfiguration;
			buildSettings = {
				ARCHS = "$(ARCHS_STANDARD_32_BIT)";
				"CODE_SIGN_IDENTITY[sdk=iphoneos*]" = "iPhone Developer";
				GCC_C_LANGUAGE_STANDARD = c99;
				GCC_WARN_ABOUT_RETURN_TYPE = YES;
				GCC_WARN_UNUSED_VARIABLE = YES;
				PREBINDING = NO;
				SDKROOT = iphonesimulator4.0;
			};
			name = Release;
		};
/* End XCBuildConfiguration section */

/* Begin XCConfigurationList section */
		1D6058960D05DD3E006BFB54 /* Build configuration list for PBXNativeTarget "PrefecturesTest" */ = {
			isa = XCConfigurationList;
			buildConfigurations = (
				1D6058940D05DD3E006BFB54 /* Debug */,
				1D6058950D05DD3E006BFB54 /* Release */,
			);
			defaultConfigurationIsVisible = 0;
			defaultConfigurationName = Release;
		};
		C01FCF4E08A954540054247B /* Build configuration list for PBXProject "PrefecturesTest" */ = {
			isa = XCConfigurationList;
			buildConfigurations = (
				C01FCF4F08A954540054247B /* Debug */,
				C01FCF5008A954540054247B /* Release */,
			);
			defaultConfigurationIsVisible = 0;
			defaultConfigurationName = Release;
		};
/* End XCConfigurationList section */
	};
	rootObject = 29B97313FDCFA39411CA2CEA /* Project object */;
}
