// !$*UTF8*$!
{
	archiveVersion = 1;
	classes = {
	};
	objectVersion = 46;
	objects = {

/* Begin PBXBuildFile section */
		4684C49714C2EFF600590A35 /* Localizable.strings in Resources */ = {isa = PBXBuildFile; fileRef = 4684C49514C2EFF600590A35 /* Localizable.strings */; };
		4684C49C14C2F06200590A35 /* Localizable.strings in Resources */ = {isa = PBXBuildFile; fileRef = 4684C49A14C2F06200590A35 /* Localizable.strings */; };
		4684C49E14C2F06A00590A35 /* Localizable.strings in Resources */ = {isa = PBXBuildFile; fileRef = 4684C49A14C2F06200590A35 /* Localizable.strings */; };
		4695557C14C2EBA7005449FD /* iUnitTestTest-Info.plist in Resources */ = {isa = PBXBuildFile; fileRef = 4695557914C2EBA7005449FD /* iUnitTestTest-Info.plist */; };
		469555C214C2EC19005449FD /* InfoPlist.strings in Resources */ = {isa = PBXBuildFile; fileRef = 4695558114C2EC19005449FD /* InfoPlist.strings */; };
		469555C314C2EC19005449FD /* Default.png in Resources */ = {isa = PBXBuildFile; fileRef = 4695558414C2EC19005449FD /* Default.png */; };
		469555C414C2EC19005449FD /* isd_logo_60x40.png in Resources */ = {isa = PBXBuildFile; fileRef = 4695558514C2EC19005449FD /* isd_logo_60x40.png */; };
		469555C514C2EC19005449FD /* isd_logo_60x40_w.png in Resources */ = {isa = PBXBuildFile; fileRef = 4695558614C2EC19005449FD /* isd_logo_60x40_w.png */; };
		469555C614C2EC19005449FD /* iunittest_icon.png in Resources */ = {isa = PBXBuildFile; fileRef = 4695558714C2EC19005449FD /* iunittest_icon.png */; };
		469555C714C2EC19005449FD /* IUTAppDelegate.m in Sources */ = {isa = PBXBuildFile; fileRef = 4695558914C2EC19005449FD /* IUTAppDelegate.m */; };
		469555C814C2EC19005449FD /* IUTDetailView.xib in Resources */ = {isa = PBXBuildFile; fileRef = 4695558A14C2EC19005449FD /* IUTDetailView.xib */; };
		469555C914C2EC19005449FD /* IUTMainWindow.xib in Resources */ = {isa = PBXBuildFile; fileRef = 4695558B14C2EC19005449FD /* IUTMainWindow.xib */; };
		469555CA14C2EC19005449FD /* IUTTestView.xib in Resources */ = {isa = PBXBuildFile; fileRef = 4695558C14C2EC19005449FD /* IUTTestView.xib */; };
		469555CB14C2EC19005449FD /* Settings.bundle in Resources */ = {isa = PBXBuildFile; fileRef = 4695558D14C2EC19005449FD /* Settings.bundle */; };
		469555CC14C2EC19005449FD /* AppAgent.m in Sources */ = {isa = PBXBuildFile; fileRef = 4695559014C2EC19005449FD /* AppAgent.m */; };
		469555CD14C2EC19005449FD /* UINavigationBarBasedTest.m in Sources */ = {isa = PBXBuildFile; fileRef = 4695559414C2EC19005449FD /* UINavigationBarBasedTest.m */; };
		469555CE14C2EC19005449FD /* UITabBarAndNavigationBarBasedTest.m in Sources */ = {isa = PBXBuildFile; fileRef = 4695559614C2EC19005449FD /* UITabBarAndNavigationBarBasedTest.m */; };
		469555CF14C2EC19005449FD /* UITabBarBasedTest.m in Sources */ = {isa = PBXBuildFile; fileRef = 4695559814C2EC19005449FD /* UITabBarBasedTest.m */; };
		469555D014C2EC19005449FD /* UITableViewBasedTest.m in Sources */ = {isa = PBXBuildFile; fileRef = 4695559A14C2EC19005449FD /* UITableViewBasedTest.m */; };
		469555D114C2EC19005449FD /* UITableViewControllerTest.m in Sources */ = {isa = PBXBuildFile; fileRef = 4695559C14C2EC19005449FD /* UITableViewControllerTest.m */; };
		469555D214C2EC19005449FD /* UIViewBasedTest.m in Sources */ = {isa = PBXBuildFile; fileRef = 4695559E14C2EC19005449FD /* UIViewBasedTest.m */; };
		469555D314C2EC19005449FD /* UIViewControllerTest.m in Sources */ = {isa = PBXBuildFile; fileRef = 469555A014C2EC19005449FD /* UIViewControllerTest.m */; };
		469555D414C2EC19005449FD /* GTMSenTestCase.m in Sources */ = {isa = PBXBuildFile; fileRef = 469555A214C2EC19005449FD /* GTMSenTestCase.m */; };
		469555D514C2EC19005449FD /* IUTAssertion.m in Sources */ = {isa = PBXBuildFile; fileRef = 469555A414C2EC19005449FD /* IUTAssertion.m */; };
		469555D614C2EC19005449FD /* IUTAssertionInfo.m in Sources */ = {isa = PBXBuildFile; fileRef = 469555A614C2EC19005449FD /* IUTAssertionInfo.m */; };
		469555D714C2EC19005449FD /* IUTDetailViewController.m in Sources */ = {isa = PBXBuildFile; fileRef = 469555A814C2EC19005449FD /* IUTDetailViewController.m */; };
		469555D814C2EC19005449FD /* IUTPreference.m in Sources */ = {isa = PBXBuildFile; fileRef = 469555AB14C2EC19005449FD /* IUTPreference.m */; };
		469555D914C2EC19005449FD /* IUTResultTableViewCell.m in Sources */ = {isa = PBXBuildFile; fileRef = 469555AD14C2EC19005449FD /* IUTResultTableViewCell.m */; };
		469555DA14C2EC19005449FD /* IUTResultTableViewController.m in Sources */ = {isa = PBXBuildFile; fileRef = 469555AF14C2EC19005449FD /* IUTResultTableViewController.m */; };
		469555DB14C2EC19005449FD /* IUTTest.m in Sources */ = {isa = PBXBuildFile; fileRef = 469555B114C2EC19005449FD /* IUTTest.m */; };
		469555DC14C2EC19005449FD /* IUTTestRunner.m in Sources */ = {isa = PBXBuildFile; fileRef = 469555B314C2EC19005449FD /* IUTTestRunner.m */; };
		469555DD14C2EC19005449FD /* IUTTestRunnerViewController.m in Sources */ = {isa = PBXBuildFile; fileRef = 469555B514C2EC19005449FD /* IUTTestRunnerViewController.m */; };
		469555DE14C2EC19005449FD /* NSExceptionExtension.m in Sources */ = {isa = PBXBuildFile; fileRef = 469555B714C2EC19005449FD /* NSExceptionExtension.m */; };
		469555DF14C2EC19005449FD /* SourceCodeOpener.m in Sources */ = {isa = PBXBuildFile; fileRef = 469555BA14C2EC19005449FD /* SourceCodeOpener.m */; };
		469555E014C2EC19005449FD /* iUnitTest-Info.plist in Resources */ = {isa = PBXBuildFile; fileRef = 469555BC14C2EC19005449FD /* iUnitTest-Info.plist */; };
		469555E114C2EC19005449FD /* main.m in Sources */ = {isa = PBXBuildFile; fileRef = 469555BE14C2EC19005449FD /* main.m */; };
		469555E214C2EC19005449FD /* .do_not_remove_this_directory in Resources */ = {isa = PBXBuildFile; fileRef = 469555C014C2EC19005449FD /* .do_not_remove_this_directory */; };
		4695562114C2EC30005449FD /* AppAgentTest.m in Sources */ = {isa = PBXBuildFile; fileRef = 469555E514C2EC30005449FD /* AppAgentTest.m */; };
		4695562214C2EC30005449FD /* UINavigationBarBasedTestTest.m in Sources */ = {isa = PBXBuildFile; fileRef = 469555E814C2EC30005449FD /* UINavigationBarBasedTestTest.m */; };
		4695562314C2EC30005449FD /* UITabBarAndNavigationTestTest.m in Sources */ = {isa = PBXBuildFile; fileRef = 469555EA14C2EC30005449FD /* UITabBarAndNavigationTestTest.m */; };
		4695562414C2EC30005449FD /* UITabBarBasedTestTest.m in Sources */ = {isa = PBXBuildFile; fileRef = 469555EC14C2EC30005449FD /* UITabBarBasedTestTest.m */; };
		4695562514C2EC30005449FD /* UITableViewBasedTestTest.m in Sources */ = {isa = PBXBuildFile; fileRef = 469555EE14C2EC30005449FD /* UITableViewBasedTestTest.m */; };
		4695562614C2EC30005449FD /* UITableViewControllerTestTest.m in Sources */ = {isa = PBXBuildFile; fileRef = 469555F014C2EC30005449FD /* UITableViewControllerTestTest.m */; };
		4695562714C2EC30005449FD /* UIViewBasedTestTest.m in Sources */ = {isa = PBXBuildFile; fileRef = 469555F214C2EC30005449FD /* UIViewBasedTestTest.m */; };
		4695562814C2EC30005449FD /* UIViewControllerTestTest.m in Sources */ = {isa = PBXBuildFile; fileRef = 469555F414C2EC30005449FD /* UIViewControllerTestTest.m */; };
		4695562914C2EC30005449FD /* UIViewControllerTouchBarButtonItemTest.m in Sources */ = {isa = PBXBuildFile; fileRef = 469555F614C2EC30005449FD /* UIViewControllerTouchBarButtonItemTest.m */; };
		4695562A14C2EC30005449FD /* Foo.m in Sources */ = {isa = PBXBuildFile; fileRef = 469555F814C2EC30005449FD /* Foo.m */; };
		4695562B14C2EC30005449FD /* IUTAssertionInfoTest.m in Sources */ = {isa = PBXBuildFile; fileRef = 469555FA14C2EC30005449FD /* IUTAssertionInfoTest.m */; };
		4695562C14C2EC30005449FD /* IUTAssertionTest.m in Sources */ = {isa = PBXBuildFile; fileRef = 469555FC14C2EC30005449FD /* IUTAssertionTest.m */; };
		4695562D14C2EC30005449FD /* IUTPreferenceTest.m in Sources */ = {isa = PBXBuildFile; fileRef = 469555FE14C2EC30005449FD /* IUTPreferenceTest.m */; };
		4695562E14C2EC30005449FD /* IUTResultTableViewCellTest.m in Sources */ = {isa = PBXBuildFile; fileRef = 4695560014C2EC30005449FD /* IUTResultTableViewCellTest.m */; };
		4695562F14C2EC30005449FD /* IUTResultTableViewControllerTest.m in Sources */ = {isa = PBXBuildFile; fileRef = 4695560214C2EC30005449FD /* IUTResultTableViewControllerTest.m */; };
		4695563014C2EC30005449FD /* IUTTestInheritedTest.m in Sources */ = {isa = PBXBuildFile; fileRef = 4695560414C2EC30005449FD /* IUTTestInheritedTest.m */; };
		4695563114C2EC30005449FD /* IUTTestRunnerMock.m in Sources */ = {isa = PBXBuildFile; fileRef = 4695560614C2EC30005449FD /* IUTTestRunnerMock.m */; };
		4695563214C2EC30005449FD /* IUTTestRunnerTest.m in Sources */ = {isa = PBXBuildFile; fileRef = 4695560814C2EC30005449FD /* IUTTestRunnerTest.m */; };
		4695563314C2EC30005449FD /* IUTTestRunnerViewControllerTest.m in Sources */ = {isa = PBXBuildFile; fileRef = 4695560A14C2EC30005449FD /* IUTTestRunnerViewControllerTest.m */; };
		4695563414C2EC30005449FD /* IUTTestTest.m in Sources */ = {isa = PBXBuildFile; fileRef = 4695560C14C2EC30005449FD /* IUTTestTest.m */; };
		4695563514C2EC30005449FD /* MyTableViewController.m in Sources */ = {isa = PBXBuildFile; fileRef = 4695560E14C2EC30005449FD /* MyTableViewController.m */; };
		4695563614C2EC30005449FD /* MyTableViewController2.m in Sources */ = {isa = PBXBuildFile; fileRef = 4695561014C2EC30005449FD /* MyTableViewController2.m */; };
		4695563714C2EC30005449FD /* MyTableViewController2.xib in Resources */ = {isa = PBXBuildFile; fileRef = 4695561114C2EC30005449FD /* MyTableViewController2.xib */; };
		4695563814C2EC30005449FD /* MyViewController.m in Sources */ = {isa = PBXBuildFile; fileRef = 4695561314C2EC30005449FD /* MyViewController.m */; };
		4695563914C2EC30005449FD /* MyViewController2.m in Sources */ = {isa = PBXBuildFile; fileRef = 4695561514C2EC30005449FD /* MyViewController2.m */; };
		4695563A14C2EC30005449FD /* MyViewController2.xib in Resources */ = {isa = PBXBuildFile; fileRef = 4695561614C2EC30005449FD /* MyViewController2.xib */; };
		4695563B14C2EC30005449FD /* NSExceptionTest.m in Sources */ = {isa = PBXBuildFile; fileRef = 4695561814C2EC30005449FD /* NSExceptionTest.m */; };
		4695563C14C2EC30005449FD /* PerformSetUpSequenceTest.m in Sources */ = {isa = PBXBuildFile; fileRef = 4695561A14C2EC30005449FD /* PerformSetUpSequenceTest.m */; };
		4695563D14C2EC30005449FD /* PreformTestTest.m in Sources */ = {isa = PBXBuildFile; fileRef = 4695561C14C2EC30005449FD /* PreformTestTest.m */; };
		4695563E14C2EC30005449FD /* SenTestAssertionTest.m in Sources */ = {isa = PBXBuildFile; fileRef = 4695561E14C2EC30005449FD /* SenTestAssertionTest.m */; };
		4695563F14C2EC30005449FD /* SourceCodeOpenerTest.m in Sources */ = {isa = PBXBuildFile; fileRef = 4695562014C2EC30005449FD /* SourceCodeOpenerTest.m */; };
		469B32D614B42CFF0041CAF8 /* UIKit.framework in Frameworks */ = {isa = PBXBuildFile; fileRef = 469B32D514B42CFF0041CAF8 /* UIKit.framework */; };
		469B32D814B42CFF0041CAF8 /* Foundation.framework in Frameworks */ = {isa = PBXBuildFile; fileRef = 469B32D714B42CFF0041CAF8 /* Foundation.framework */; };
		469B32DA14B42CFF0041CAF8 /* CoreGraphics.framework in Frameworks */ = {isa = PBXBuildFile; fileRef = 469B32D914B42CFF0041CAF8 /* CoreGraphics.framework */; };
/* End PBXBuildFile section */

/* Begin PBXFileReference section */
		4684C49B14C2F06200590A35 /* en */ = {isa = PBXFileReference; lastKnownFileType = text.plist.strings; name = en; path = en.lproj/Localizable.strings; sourceTree = SOURCE_ROOT; };
		4684C49D14C2F06A00590A35 /* ja */ = {isa = PBXFileReference; lastKnownFileType = text.plist.strings; name = ja; path = ja.lproj/Localizable.strings; sourceTree = SOURCE_ROOT; };
		4695557914C2EBA7005449FD /* iUnitTestTest-Info.plist */ = {isa = PBXFileReference; fileEncoding = 4; lastKnownFileType = text.plist.xml; path = "iUnitTestTest-Info.plist"; sourceTree = SOURCE_ROOT; };
		4695557A14C2EBA7005449FD /* iUnitTestTest-Prefix.pch */ = {isa = PBXFileReference; fileEncoding = 4; lastKnownFileType = sourcecode.c.h; path = "iUnitTestTest-Prefix.pch"; sourceTree = SOURCE_ROOT; };
		4695558214C2EC19005449FD /* en */ = {isa = PBXFileReference; lastKnownFileType = text.plist.strings; name = en; path = en.lproj/InfoPlist.strings; sourceTree = "<group>"; };
		4695558414C2EC19005449FD /* Default.png */ = {isa = PBXFileReference; lastKnownFileType = image.png; path = Default.png; sourceTree = "<group>"; };
		4695558514C2EC19005449FD /* isd_logo_60x40.png */ = {isa = PBXFileReference; lastKnownFileType = image.png; path = isd_logo_60x40.png; sourceTree = "<group>"; };
		4695558614C2EC19005449FD /* isd_logo_60x40_w.png */ = {isa = PBXFileReference; lastKnownFileType = image.png; path = isd_logo_60x40_w.png; sourceTree = "<group>"; };
		4695558714C2EC19005449FD /* iunittest_icon.png */ = {isa = PBXFileReference; lastKnownFileType = image.png; path = iunittest_icon.png; sourceTree = "<group>"; };
		4695558814C2EC19005449FD /* IUTAppDelegate.h */ = {isa = PBXFileReference; fileEncoding = 4; lastKnownFileType = sourcecode.c.h; path = IUTAppDelegate.h; sourceTree = "<group>"; };
		4695558914C2EC19005449FD /* IUTAppDelegate.m */ = {isa = PBXFileReference; fileEncoding = 4; lastKnownFileType = sourcecode.c.objc; path = IUTAppDelegate.m; sourceTree = "<group>"; };
		4695558A14C2EC19005449FD /* IUTDetailView.xib */ = {isa = PBXFileReference; fileEncoding = 4; lastKnownFileType = file.xib; path = IUTDetailView.xib; sourceTree = "<group>"; };
		4695558B14C2EC19005449FD /* IUTMainWindow.xib */ = {isa = PBXFileReference; fileEncoding = 4; lastKnownFileType = file.xib; path = IUTMainWindow.xib; sourceTree = "<group>"; };
		4695558C14C2EC19005449FD /* IUTTestView.xib */ = {isa = PBXFileReference; fileEncoding = 4; lastKnownFileType = file.xib; path = IUTTestView.xib; sourceTree = "<group>"; };
		4695558D14C2EC19005449FD /* Settings.bundle */ = {isa = PBXFileReference; lastKnownFileType = "wrapper.plug-in"; path = Settings.bundle; sourceTree = "<group>"; };
		4695558F14C2EC19005449FD /* AppAgent.h */ = {isa = PBXFileReference; fileEncoding = 4; lastKnownFileType = sourcecode.c.h; path = AppAgent.h; sourceTree = "<group>"; };
		4695559014C2EC19005449FD /* AppAgent.m */ = {isa = PBXFileReference; fileEncoding = 4; lastKnownFileType = sourcecode.c.objc; path = AppAgent.m; sourceTree = "<group>"; };
		4695559114C2EC19005449FD /* AppAgentHelper.h */ = {isa = PBXFileReference; fileEncoding = 4; lastKnownFileType = sourcecode.c.h; path = AppAgentHelper.h; sourceTree = "<group>"; };
		4695559314C2EC19005449FD /* UINavigationBarBasedTest.h */ = {isa = PBXFileReference; fileEncoding = 4; lastKnownFileType = sourcecode.c.h; path = UINavigationBarBasedTest.h; sourceTree = "<group>"; };
		4695559414C2EC19005449FD /* UINavigationBarBasedTest.m */ = {isa = PBXFileReference; fileEncoding = 4; lastKnownFileType = sourcecode.c.objc; path = UINavigationBarBasedTest.m; sourceTree = "<group>"; };
		4695559514C2EC19005449FD /* UITabBarAndNavigationBarBasedTest.h */ = {isa = PBXFileReference; fileEncoding = 4; lastKnownFileType = sourcecode.c.h; path = UITabBarAndNavigationBarBasedTest.h; sourceTree = "<group>"; };
		4695559614C2EC19005449FD /* UITabBarAndNavigationBarBasedTest.m */ = {isa = PBXFileReference; fileEncoding = 4; lastKnownFileType = sourcecode.c.objc; path = UITabBarAndNavigationBarBasedTest.m; sourceTree = "<group>"; };
		4695559714C2EC19005449FD /* UITabBarBasedTest.h */ = {isa = PBXFileReference; fileEncoding = 4; lastKnownFileType = sourcecode.c.h; path = UITabBarBasedTest.h; sourceTree = "<group>"; };
		4695559814C2EC19005449FD /* UITabBarBasedTest.m */ = {isa = PBXFileReference; fileEncoding = 4; lastKnownFileType = sourcecode.c.objc; path = UITabBarBasedTest.m; sourceTree = "<group>"; };
		4695559914C2EC19005449FD /* UITableViewBasedTest.h */ = {isa = PBXFileReference; fileEncoding = 4; lastKnownFileType = sourcecode.c.h; path = UITableViewBasedTest.h; sourceTree = "<group>"; };
		4695559A14C2EC19005449FD /* UITableViewBasedTest.m */ = {isa = PBXFileReference; fileEncoding = 4; lastKnownFileType = sourcecode.c.objc; path = UITableViewBasedTest.m; sourceTree = "<group>"; };
		4695559B14C2EC19005449FD /* UITableViewControllerTest.h */ = {isa = PBXFileReference; fileEncoding = 4; lastKnownFileType = sourcecode.c.h; path = UITableViewControllerTest.h; sourceTree = "<group>"; };
		4695559C14C2EC19005449FD /* UITableViewControllerTest.m */ = {isa = PBXFileReference; fileEncoding = 4; lastKnownFileType = sourcecode.c.objc; path = UITableViewControllerTest.m; sourceTree = "<group>"; };
		4695559D14C2EC19005449FD /* UIViewBasedTest.h */ = {isa = PBXFileReference; fileEncoding = 4; lastKnownFileType = sourcecode.c.h; path = UIViewBasedTest.h; sourceTree = "<group>"; };
		4695559E14C2EC19005449FD /* UIViewBasedTest.m */ = {isa = PBXFileReference; fileEncoding = 4; lastKnownFileType = sourcecode.c.objc; path = UIViewBasedTest.m; sourceTree = "<group>"; };
		4695559F14C2EC19005449FD /* UIViewControllerTest.h */ = {isa = PBXFileReference; fileEncoding = 4; lastKnownFileType = sourcecode.c.h; path = UIViewControllerTest.h; sourceTree = "<group>"; };
		469555A014C2EC19005449FD /* UIViewControllerTest.m */ = {isa = PBXFileReference; fileEncoding = 4; lastKnownFileType = sourcecode.c.objc; path = UIViewControllerTest.m; sourceTree = "<group>"; };
		469555A114C2EC19005449FD /* GTMSenTestCase.h */ = {isa = PBXFileReference; fileEncoding = 4; lastKnownFileType = sourcecode.c.h; path = GTMSenTestCase.h; sourceTree = "<group>"; };
		469555A214C2EC19005449FD /* GTMSenTestCase.m */ = {isa = PBXFileReference; fileEncoding = 4; lastKnownFileType = sourcecode.c.objc; path = GTMSenTestCase.m; sourceTree = "<group>"; };
		469555A314C2EC19005449FD /* IUTAssertion.h */ = {isa = PBXFileReference; fileEncoding = 4; lastKnownFileType = sourcecode.c.h; path = IUTAssertion.h; sourceTree = "<group>"; };
		469555A414C2EC19005449FD /* IUTAssertion.m */ = {isa = PBXFileReference; fileEncoding = 4; lastKnownFileType = sourcecode.c.objc; path = IUTAssertion.m; sourceTree = "<group>"; };
		469555A514C2EC19005449FD /* IUTAssertionInfo.h */ = {isa = PBXFileReference; fileEncoding = 4; lastKnownFileType = sourcecode.c.h; path = IUTAssertionInfo.h; sourceTree = "<group>"; };
		469555A614C2EC19005449FD /* IUTAssertionInfo.m */ = {isa = PBXFileReference; fileEncoding = 4; lastKnownFileType = sourcecode.c.objc; path = IUTAssertionInfo.m; sourceTree = "<group>"; };
		469555A714C2EC19005449FD /* IUTDetailViewController.h */ = {isa = PBXFileReference; fileEncoding = 4; lastKnownFileType = sourcecode.c.h; path = IUTDetailViewController.h; sourceTree = "<group>"; };
		469555A814C2EC19005449FD /* IUTDetailViewController.m */ = {isa = PBXFileReference; fileEncoding = 4; lastKnownFileType = sourcecode.c.objc; path = IUTDetailViewController.m; sourceTree = "<group>"; };
		469555A914C2EC19005449FD /* IUTLog.h */ = {isa = PBXFileReference; fileEncoding = 4; lastKnownFileType = sourcecode.c.h; path = IUTLog.h; sourceTree = "<group>"; };
		469555AA14C2EC19005449FD /* IUTPreference.h */ = {isa = PBXFileReference; fileEncoding = 4; lastKnownFileType = sourcecode.c.h; path = IUTPreference.h; sourceTree = "<group>"; };
		469555AB14C2EC19005449FD /* IUTPreference.m */ = {isa = PBXFileReference; fileEncoding = 4; lastKnownFileType = sourcecode.c.objc; path = IUTPreference.m; sourceTree = "<group>"; };
		469555AC14C2EC19005449FD /* IUTResultTableViewCell.h */ = {isa = PBXFileReference; fileEncoding = 4; lastKnownFileType = sourcecode.c.h; path = IUTResultTableViewCell.h; sourceTree = "<group>"; };
		469555AD14C2EC19005449FD /* IUTResultTableViewCell.m */ = {isa = PBXFileReference; fileEncoding = 4; lastKnownFileType = sourcecode.c.objc; path = IUTResultTableViewCell.m; sourceTree = "<group>"; };
		469555AE14C2EC19005449FD /* IUTResultTableViewController.h */ = {isa = PBXFileReference; fileEncoding = 4; lastKnownFileType = sourcecode.c.h; path = IUTResultTableViewController.h; sourceTree = "<group>"; };
		469555AF14C2EC19005449FD /* IUTResultTableViewController.m */ = {isa = PBXFileReference; fileEncoding = 4; lastKnownFileType = sourcecode.c.objc; path = IUTResultTableViewController.m; sourceTree = "<group>"; };
		469555B014C2EC19005449FD /* IUTTest.h */ = {isa = PBXFileReference; fileEncoding = 4; lastKnownFileType = sourcecode.c.h; path = IUTTest.h; sourceTree = "<group>"; };
		469555B114C2EC19005449FD /* IUTTest.m */ = {isa = PBXFileReference; fileEncoding = 4; lastKnownFileType = sourcecode.c.objc; path = IUTTest.m; sourceTree = "<group>"; };
		469555B214C2EC19005449FD /* IUTTestRunner.h */ = {isa = PBXFileReference; fileEncoding = 4; lastKnownFileType = sourcecode.c.h; path = IUTTestRunner.h; sourceTree = "<group>"; };
		469555B314C2EC19005449FD /* IUTTestRunner.m */ = {isa = PBXFileReference; fileEncoding = 4; lastKnownFileType = sourcecode.c.objc; path = IUTTestRunner.m; sourceTree = "<group>"; };
		469555B414C2EC19005449FD /* IUTTestRunnerViewController.h */ = {isa = PBXFileReference; fileEncoding = 4; lastKnownFileType = sourcecode.c.h; path = IUTTestRunnerViewController.h; sourceTree = "<group>"; };
		469555B514C2EC19005449FD /* IUTTestRunnerViewController.m */ = {isa = PBXFileReference; fileEncoding = 4; lastKnownFileType = sourcecode.c.objc; path = IUTTestRunnerViewController.m; sourceTree = "<group>"; };
		469555B614C2EC19005449FD /* NSExceptionExtension.h */ = {isa = PBXFileReference; fileEncoding = 4; lastKnownFileType = sourcecode.c.h; path = NSExceptionExtension.h; sourceTree = "<group>"; };
		469555B714C2EC19005449FD /* NSExceptionExtension.m */ = {isa = PBXFileReference; fileEncoding = 4; lastKnownFileType = sourcecode.c.objc; path = NSExceptionExtension.m; sourceTree = "<group>"; };
		469555B814C2EC19005449FD /* SenTestAssertion.h */ = {isa = PBXFileReference; fileEncoding = 4; lastKnownFileType = sourcecode.c.h; path = SenTestAssertion.h; sourceTree = "<group>"; };
		469555B914C2EC19005449FD /* SourceCodeOpener.h */ = {isa = PBXFileReference; fileEncoding = 4; lastKnownFileType = sourcecode.c.h; path = SourceCodeOpener.h; sourceTree = "<group>"; };
		469555BA14C2EC19005449FD /* SourceCodeOpener.m */ = {isa = PBXFileReference; fileEncoding = 4; lastKnownFileType = sourcecode.c.objc; path = SourceCodeOpener.m; sourceTree = "<group>"; };
		469555BB14C2EC19005449FD /* UITableViewControllerTestHelper.h */ = {isa = PBXFileReference; fileEncoding = 4; lastKnownFileType = sourcecode.c.h; path = UITableViewControllerTestHelper.h; sourceTree = "<group>"; };
		469555BC14C2EC19005449FD /* iUnitTest-Info.plist */ = {isa = PBXFileReference; fileEncoding = 4; lastKnownFileType = text.plist.xml; path = "iUnitTest-Info.plist"; sourceTree = "<group>"; };
		469555BD14C2EC19005449FD /* iUnitTest-Prefix.pch */ = {isa = PBXFileReference; fileEncoding = 4; lastKnownFileType = sourcecode.c.h; path = "iUnitTest-Prefix.pch"; sourceTree = "<group>"; };
		469555BE14C2EC19005449FD /* main.m */ = {isa = PBXFileReference; fileEncoding = 4; lastKnownFileType = sourcecode.c.objc; path = main.m; sourceTree = "<group>"; };
		469555C014C2EC19005449FD /* .do_not_remove_this_directory */ = {isa = PBXFileReference; fileEncoding = 4; lastKnownFileType = text; path = .do_not_remove_this_directory; sourceTree = "<group>"; };
		469555E414C2EC30005449FD /* AppAgentTest.h */ = {isa = PBXFileReference; fileEncoding = 4; lastKnownFileType = sourcecode.c.h; path = AppAgentTest.h; sourceTree = "<group>"; };
		469555E514C2EC30005449FD /* AppAgentTest.m */ = {isa = PBXFileReference; fileEncoding = 4; lastKnownFileType = sourcecode.c.objc; path = AppAgentTest.m; sourceTree = "<group>"; };
		469555E714C2EC30005449FD /* UINavigationBarBasedTestTest.h */ = {isa = PBXFileReference; fileEncoding = 4; lastKnownFileType = sourcecode.c.h; path = UINavigationBarBasedTestTest.h; sourceTree = "<group>"; };
		469555E814C2EC30005449FD /* UINavigationBarBasedTestTest.m */ = {isa = PBXFileReference; fileEncoding = 4; lastKnownFileType = sourcecode.c.objc; path = UINavigationBarBasedTestTest.m; sourceTree = "<group>"; };
		469555E914C2EC30005449FD /* UITabBarAndNavigationTestTest.h */ = {isa = PBXFileReference; fileEncoding = 4; lastKnownFileType = sourcecode.c.h; path = UITabBarAndNavigationTestTest.h; sourceTree = "<group>"; };
		469555EA14C2EC30005449FD /* UITabBarAndNavigationTestTest.m */ = {isa = PBXFileReference; fileEncoding = 4; lastKnownFileType = sourcecode.c.objc; path = UITabBarAndNavigationTestTest.m; sourceTree = "<group>"; };
		469555EB14C2EC30005449FD /* UITabBarBasedTestTest.h */ = {isa = PBXFileReference; fileEncoding = 4; lastKnownFileType = sourcecode.c.h; path = UITabBarBasedTestTest.h; sourceTree = "<group>"; };
		469555EC14C2EC30005449FD /* UITabBarBasedTestTest.m */ = {isa = PBXFileReference; fileEncoding = 4; lastKnownFileType = sourcecode.c.objc; path = UITabBarBasedTestTest.m; sourceTree = "<group>"; };
		469555ED14C2EC30005449FD /* UITableViewBasedTestTest.h */ = {isa = PBXFileReference; fileEncoding = 4; lastKnownFileType = sourcecode.c.h; path = UITableViewBasedTestTest.h; sourceTree = "<group>"; };
		469555EE14C2EC30005449FD /* UITableViewBasedTestTest.m */ = {isa = PBXFileReference; fileEncoding = 4; lastKnownFileType = sourcecode.c.objc; path = UITableViewBasedTestTest.m; sourceTree = "<group>"; };
		469555EF14C2EC30005449FD /* UITableViewControllerTestTest.h */ = {isa = PBXFileReference; fileEncoding = 4; lastKnownFileType = sourcecode.c.h; path = UITableViewControllerTestTest.h; sourceTree = "<group>"; };
		469555F014C2EC30005449FD /* UITableViewControllerTestTest.m */ = {isa = PBXFileReference; fileEncoding = 4; lastKnownFileType = sourcecode.c.objc; path = UITableViewControllerTestTest.m; sourceTree = "<group>"; };
		469555F114C2EC30005449FD /* UIViewBasedTestTest.h */ = {isa = PBXFileReference; fileEncoding = 4; lastKnownFileType = sourcecode.c.h; path = UIViewBasedTestTest.h; sourceTree = "<group>"; };
		469555F214C2EC30005449FD /* UIViewBasedTestTest.m */ = {isa = PBXFileReference; fileEncoding = 4; lastKnownFileType = sourcecode.c.objc; path = UIViewBasedTestTest.m; sourceTree = "<group>"; };
		469555F314C2EC30005449FD /* UIViewControllerTestTest.h */ = {isa = PBXFileReference; fileEncoding = 4; lastKnownFileType = sourcecode.c.h; path = UIViewControllerTestTest.h; sourceTree = "<group>"; };
		469555F414C2EC30005449FD /* UIViewControllerTestTest.m */ = {isa = PBXFileReference; fileEncoding = 4; lastKnownFileType = sourcecode.c.objc; path = UIViewControllerTestTest.m; sourceTree = "<group>"; };
		469555F514C2EC30005449FD /* UIViewControllerTouchBarButtonItemTest.h */ = {isa = PBXFileReference; fileEncoding = 4; lastKnownFileType = sourcecode.c.h; path = UIViewControllerTouchBarButtonItemTest.h; sourceTree = "<group>"; };
		469555F614C2EC30005449FD /* UIViewControllerTouchBarButtonItemTest.m */ = {isa = PBXFileReference; fileEncoding = 4; lastKnownFileType = sourcecode.c.objc; path = UIViewControllerTouchBarButtonItemTest.m; sourceTree = "<group>"; };
		469555F714C2EC30005449FD /* Foo.h */ = {isa = PBXFileReference; fileEncoding = 4; lastKnownFileType = sourcecode.c.h; path = Foo.h; sourceTree = "<group>"; };
		469555F814C2EC30005449FD /* Foo.m */ = {isa = PBXFileReference; fileEncoding = 4; lastKnownFileType = sourcecode.c.objc; path = Foo.m; sourceTree = "<group>"; };
		469555F914C2EC30005449FD /* IUTAssertionInfoTest.h */ = {isa = PBXFileReference; fileEncoding = 4; lastKnownFileType = sourcecode.c.h; path = IUTAssertionInfoTest.h; sourceTree = "<group>"; };
		469555FA14C2EC30005449FD /* IUTAssertionInfoTest.m */ = {isa = PBXFileReference; fileEncoding = 4; lastKnownFileType = sourcecode.c.objc; path = IUTAssertionInfoTest.m; sourceTree = "<group>"; };
		469555FB14C2EC30005449FD /* IUTAssertionTest.h */ = {isa = PBXFileReference; fileEncoding = 4; lastKnownFileType = sourcecode.c.h; path = IUTAssertionTest.h; sourceTree = "<group>"; };
		469555FC14C2EC30005449FD /* IUTAssertionTest.m */ = {isa = PBXFileReference; fileEncoding = 4; lastKnownFileType = sourcecode.c.objc; path = IUTAssertionTest.m; sourceTree = "<group>"; };
		469555FD14C2EC30005449FD /* IUTPreferenceTest.h */ = {isa = PBXFileReference; fileEncoding = 4; lastKnownFileType = sourcecode.c.h; path = IUTPreferenceTest.h; sourceTree = "<group>"; };
		469555FE14C2EC30005449FD /* IUTPreferenceTest.m */ = {isa = PBXFileReference; fileEncoding = 4; lastKnownFileType = sourcecode.c.objc; path = IUTPreferenceTest.m; sourceTree = "<group>"; };
		469555FF14C2EC30005449FD /* IUTResultTableViewCellTest.h */ = {isa = PBXFileReference; fileEncoding = 4; lastKnownFileType = sourcecode.c.h; path = IUTResultTableViewCellTest.h; sourceTree = "<group>"; };
		4695560014C2EC30005449FD /* IUTResultTableViewCellTest.m */ = {isa = PBXFileReference; fileEncoding = 4; lastKnownFileType = sourcecode.c.objc; path = IUTResultTableViewCellTest.m; sourceTree = "<group>"; };
		4695560114C2EC30005449FD /* IUTResultTableViewControllerTest.h */ = {isa = PBXFileReference; fileEncoding = 4; lastKnownFileType = sourcecode.c.h; path = IUTResultTableViewControllerTest.h; sourceTree = "<group>"; };
		4695560214C2EC30005449FD /* IUTResultTableViewControllerTest.m */ = {isa = PBXFileReference; fileEncoding = 4; lastKnownFileType = sourcecode.c.objc; path = IUTResultTableViewControllerTest.m; sourceTree = "<group>"; };
		4695560314C2EC30005449FD /* IUTTestInheritedTest.h */ = {isa = PBXFileReference; fileEncoding = 4; lastKnownFileType = sourcecode.c.h; path = IUTTestInheritedTest.h; sourceTree = "<group>"; };
		4695560414C2EC30005449FD /* IUTTestInheritedTest.m */ = {isa = PBXFileReference; fileEncoding = 4; lastKnownFileType = sourcecode.c.objc; path = IUTTestInheritedTest.m; sourceTree = "<group>"; };
		4695560514C2EC30005449FD /* IUTTestRunnerMock.h */ = {isa = PBXFileReference; fileEncoding = 4; lastKnownFileType = sourcecode.c.h; path = IUTTestRunnerMock.h; sourceTree = "<group>"; };
		4695560614C2EC30005449FD /* IUTTestRunnerMock.m */ = {isa = PBXFileReference; fileEncoding = 4; lastKnownFileType = sourcecode.c.objc; path = IUTTestRunnerMock.m; sourceTree = "<group>"; };
		4695560714C2EC30005449FD /* IUTTestRunnerTest.h */ = {isa = PBXFileReference; fileEncoding = 4; lastKnownFileType = sourcecode.c.h; path = IUTTestRunnerTest.h; sourceTree = "<group>"; };
		4695560814C2EC30005449FD /* IUTTestRunnerTest.m */ = {isa = PBXFileReference; fileEncoding = 4; lastKnownFileType = sourcecode.c.objc; path = IUTTestRunnerTest.m; sourceTree = "<group>"; };
		4695560914C2EC30005449FD /* IUTTestRunnerViewControllerTest.h */ = {isa = PBXFileReference; fileEncoding = 4; lastKnownFileType = sourcecode.c.h; path = IUTTestRunnerViewControllerTest.h; sourceTree = "<group>"; };
		4695560A14C2EC30005449FD /* IUTTestRunnerViewControllerTest.m */ = {isa = PBXFileReference; fileEncoding = 4; lastKnownFileType = sourcecode.c.objc; path = IUTTestRunnerViewControllerTest.m; sourceTree = "<group>"; };
		4695560B14C2EC30005449FD /* IUTTestTest.h */ = {isa = PBXFileReference; fileEncoding = 4; lastKnownFileType = sourcecode.c.h; path = IUTTestTest.h; sourceTree = "<group>"; };
		4695560C14C2EC30005449FD /* IUTTestTest.m */ = {isa = PBXFileReference; fileEncoding = 4; lastKnownFileType = sourcecode.c.objc; path = IUTTestTest.m; sourceTree = "<group>"; };
		4695560D14C2EC30005449FD /* MyTableViewController.h */ = {isa = PBXFileReference; fileEncoding = 4; lastKnownFileType = sourcecode.c.h; path = MyTableViewController.h; sourceTree = "<group>"; };
		4695560E14C2EC30005449FD /* MyTableViewController.m */ = {isa = PBXFileReference; fileEncoding = 4; lastKnownFileType = sourcecode.c.objc; path = MyTableViewController.m; sourceTree = "<group>"; };
		4695560F14C2EC30005449FD /* MyTableViewController2.h */ = {isa = PBXFileReference; fileEncoding = 4; lastKnownFileType = sourcecode.c.h; path = MyTableViewController2.h; sourceTree = "<group>"; };
		4695561014C2EC30005449FD /* MyTableViewController2.m */ = {isa = PBXFileReference; fileEncoding = 4; lastKnownFileType = sourcecode.c.objc; path = MyTableViewController2.m; sourceTree = "<group>"; };
		4695561114C2EC30005449FD /* MyTableViewController2.xib */ = {isa = PBXFileReference; fileEncoding = 4; lastKnownFileType = file.xib; path = MyTableViewController2.xib; sourceTree = "<group>"; };
		4695561214C2EC30005449FD /* MyViewController.h */ = {isa = PBXFileReference; fileEncoding = 4; lastKnownFileType = sourcecode.c.h; path = MyViewController.h; sourceTree = "<group>"; };
		4695561314C2EC30005449FD /* MyViewController.m */ = {isa = PBXFileReference; fileEncoding = 4; lastKnownFileType = sourcecode.c.objc; path = MyViewController.m; sourceTree = "<group>"; };
		4695561414C2EC30005449FD /* MyViewController2.h */ = {isa = PBXFileReference; fileEncoding = 4; lastKnownFileType = sourcecode.c.h; path = MyViewController2.h; sourceTree = "<group>"; };
		4695561514C2EC30005449FD /* MyViewController2.m */ = {isa = PBXFileReference; fileEncoding = 4; lastKnownFileType = sourcecode.c.objc; path = MyViewController2.m; sourceTree = "<group>"; };
		4695561614C2EC30005449FD /* MyViewController2.xib */ = {isa = PBXFileReference; fileEncoding = 4; lastKnownFileType = file.xib; path = MyViewController2.xib; sourceTree = "<group>"; };
		4695561714C2EC30005449FD /* NSExceptionTest.h */ = {isa = PBXFileReference; fileEncoding = 4; lastKnownFileType = sourcecode.c.h; path = NSExceptionTest.h; sourceTree = "<group>"; };
		4695561814C2EC30005449FD /* NSExceptionTest.m */ = {isa = PBXFileReference; fileEncoding = 4; lastKnownFileType = sourcecode.c.objc; path = NSExceptionTest.m; sourceTree = "<group>"; };
		4695561914C2EC30005449FD /* PerformSetUpSequenceTest.h */ = {isa = PBXFileReference; fileEncoding = 4; lastKnownFileType = sourcecode.c.h; path = PerformSetUpSequenceTest.h; sourceTree = "<group>"; };
		4695561A14C2EC30005449FD /* PerformSetUpSequenceTest.m */ = {isa = PBXFileReference; fileEncoding = 4; lastKnownFileType = sourcecode.c.objc; path = PerformSetUpSequenceTest.m; sourceTree = "<group>"; };
		4695561B14C2EC30005449FD /* PreformTestTest.h */ = {isa = PBXFileReference; fileEncoding = 4; lastKnownFileType = sourcecode.c.h; path = PreformTestTest.h; sourceTree = "<group>"; };
		4695561C14C2EC30005449FD /* PreformTestTest.m */ = {isa = PBXFileReference; fileEncoding = 4; lastKnownFileType = sourcecode.c.objc; path = PreformTestTest.m; sourceTree = "<group>"; };
		4695561D14C2EC30005449FD /* SenTestAssertionTest.h */ = {isa = PBXFileReference; fileEncoding = 4; lastKnownFileType = sourcecode.c.h; path = SenTestAssertionTest.h; sourceTree = "<group>"; };
		4695561E14C2EC30005449FD /* SenTestAssertionTest.m */ = {isa = PBXFileReference; fileEncoding = 4; lastKnownFileType = sourcecode.c.objc; path = SenTestAssertionTest.m; sourceTree = "<group>"; };
		4695561F14C2EC30005449FD /* SourceCodeOpenerTest.h */ = {isa = PBXFileReference; fileEncoding = 4; lastKnownFileType = sourcecode.c.h; path = SourceCodeOpenerTest.h; sourceTree = "<group>"; };
		4695562014C2EC30005449FD /* SourceCodeOpenerTest.m */ = {isa = PBXFileReference; fileEncoding = 4; lastKnownFileType = sourcecode.c.objc; path = SourceCodeOpenerTest.m; sourceTree = "<group>"; };
		469B32D114B42CFF0041CAF8 /* iUnitTestTest.app */ = {isa = PBXFileReference; explicitFileType = wrapper.application; includeInIndex = 0; path = iUnitTestTest.app; sourceTree = BUILT_PRODUCTS_DIR; };
		469B32D514B42CFF0041CAF8 /* UIKit.framework */ = {isa = PBXFileReference; lastKnownFileType = wrapper.framework; name = UIKit.framework; path = System/Library/Frameworks/UIKit.framework; sourceTree = SDKROOT; };
		469B32D714B42CFF0041CAF8 /* Foundation.framework */ = {isa = PBXFileReference; lastKnownFileType = wrapper.framework; name = Foundation.framework; path = System/Library/Frameworks/Foundation.framework; sourceTree = SDKROOT; };
		469B32D914B42CFF0041CAF8 /* CoreGraphics.framework */ = {isa = PBXFileReference; lastKnownFileType = wrapper.framework; name = CoreGraphics.framework; path = System/Library/Frameworks/CoreGraphics.framework; sourceTree = SDKROOT; };
/* End PBXFileReference section */

/* Begin PBXFrameworksBuildPhase section */
		469B32CE14B42CFF0041CAF8 /* Frameworks */ = {
			isa = PBXFrameworksBuildPhase;
			buildActionMask = 2147483647;
			files = (
				469B32D614B42CFF0041CAF8 /* UIKit.framework in Frameworks */,
				469B32D814B42CFF0041CAF8 /* Foundation.framework in Frameworks */,
				469B32DA14B42CFF0041CAF8 /* CoreGraphics.framework in Frameworks */,
			);
			runOnlyForDeploymentPostprocessing = 0;
		};
/* End PBXFrameworksBuildPhase section */

/* Begin PBXGroup section */
		4695557E14C2EC19005449FD /* iUnitTest */ = {
			isa = PBXGroup;
			children = (
				4695557F14C2EC19005449FD /* Classes */,
				4695558114C2EC19005449FD /* InfoPlist.strings */,
				4695558314C2EC19005449FD /* iunittest */,
				469555BC14C2EC19005449FD /* iUnitTest-Info.plist */,
				469555BD14C2EC19005449FD /* iUnitTest-Prefix.pch */,
				469555BE14C2EC19005449FD /* main.m */,
				469555BF14C2EC19005449FD /* Tests */,
			);
			name = iUnitTest;
			path = ../../iUnitTest/iUnitTest;
			sourceTree = "<group>";
		};
		4695557F14C2EC19005449FD /* Classes */ = {
			isa = PBXGroup;
			children = (
			);
			path = Classes;
			sourceTree = "<group>";
		};
		4695558314C2EC19005449FD /* iunittest */ = {
			isa = PBXGroup;
			children = (
				4695558414C2EC19005449FD /* Default.png */,
				4695558514C2EC19005449FD /* isd_logo_60x40.png */,
				4695558614C2EC19005449FD /* isd_logo_60x40_w.png */,
				4695558714C2EC19005449FD /* iunittest_icon.png */,
				4695558814C2EC19005449FD /* IUTAppDelegate.h */,
				4695558914C2EC19005449FD /* IUTAppDelegate.m */,
				4695558A14C2EC19005449FD /* IUTDetailView.xib */,
				4695558B14C2EC19005449FD /* IUTMainWindow.xib */,
				4695558C14C2EC19005449FD /* IUTTestView.xib */,
				4695558D14C2EC19005449FD /* Settings.bundle */,
				4695558E14C2EC19005449FD /* UnitTest */,
			);
			path = iunittest;
			sourceTree = "<group>";
		};
		4695558E14C2EC19005449FD /* UnitTest */ = {
			isa = PBXGroup;
			children = (
				4695558F14C2EC19005449FD /* AppAgent.h */,
				4695559014C2EC19005449FD /* AppAgent.m */,
				4695559114C2EC19005449FD /* AppAgentHelper.h */,
				4695559214C2EC19005449FD /* ControllerTest */,
				469555A114C2EC19005449FD /* GTMSenTestCase.h */,
				469555A214C2EC19005449FD /* GTMSenTestCase.m */,
				469555A314C2EC19005449FD /* IUTAssertion.h */,
				469555A414C2EC19005449FD /* IUTAssertion.m */,
				469555A514C2EC19005449FD /* IUTAssertionInfo.h */,
				469555A614C2EC19005449FD /* IUTAssertionInfo.m */,
				469555A714C2EC19005449FD /* IUTDetailViewController.h */,
				469555A814C2EC19005449FD /* IUTDetailViewController.m */,
				469555A914C2EC19005449FD /* IUTLog.h */,
				469555AA14C2EC19005449FD /* IUTPreference.h */,
				469555AB14C2EC19005449FD /* IUTPreference.m */,
				469555AC14C2EC19005449FD /* IUTResultTableViewCell.h */,
				469555AD14C2EC19005449FD /* IUTResultTableViewCell.m */,
				469555AE14C2EC19005449FD /* IUTResultTableViewController.h */,
				469555AF14C2EC19005449FD /* IUTResultTableViewController.m */,
				469555B014C2EC19005449FD /* IUTTest.h */,
				469555B114C2EC19005449FD /* IUTTest.m */,
				469555B214C2EC19005449FD /* IUTTestRunner.h */,
				469555B314C2EC19005449FD /* IUTTestRunner.m */,
				469555B414C2EC19005449FD /* IUTTestRunnerViewController.h */,
				469555B514C2EC19005449FD /* IUTTestRunnerViewController.m */,
				469555B614C2EC19005449FD /* NSExceptionExtension.h */,
				469555B714C2EC19005449FD /* NSExceptionExtension.m */,
				469555B814C2EC19005449FD /* SenTestAssertion.h */,
				469555B914C2EC19005449FD /* SourceCodeOpener.h */,
				469555BA14C2EC19005449FD /* SourceCodeOpener.m */,
				469555BB14C2EC19005449FD /* UITableViewControllerTestHelper.h */,
			);
			path = UnitTest;
			sourceTree = "<group>";
		};
		4695559214C2EC19005449FD /* ControllerTest */ = {
			isa = PBXGroup;
			children = (
				4695559314C2EC19005449FD /* UINavigationBarBasedTest.h */,
				4695559414C2EC19005449FD /* UINavigationBarBasedTest.m */,
				4695559514C2EC19005449FD /* UITabBarAndNavigationBarBasedTest.h */,
				4695559614C2EC19005449FD /* UITabBarAndNavigationBarBasedTest.m */,
				4695559714C2EC19005449FD /* UITabBarBasedTest.h */,
				4695559814C2EC19005449FD /* UITabBarBasedTest.m */,
				4695559914C2EC19005449FD /* UITableViewBasedTest.h */,
				4695559A14C2EC19005449FD /* UITableViewBasedTest.m */,
				4695559B14C2EC19005449FD /* UITableViewControllerTest.h */,
				4695559C14C2EC19005449FD /* UITableViewControllerTest.m */,
				4695559D14C2EC19005449FD /* UIViewBasedTest.h */,
				4695559E14C2EC19005449FD /* UIViewBasedTest.m */,
				4695559F14C2EC19005449FD /* UIViewControllerTest.h */,
				469555A014C2EC19005449FD /* UIViewControllerTest.m */,
			);
			path = ControllerTest;
			sourceTree = "<group>";
		};
		469555BF14C2EC19005449FD /* Tests */ = {
			isa = PBXGroup;
			children = (
				469555C014C2EC19005449FD /* .do_not_remove_this_directory */,
			);
			path = Tests;
			sourceTree = "<group>";
		};
		469555E314C2EC30005449FD /* SelfTests */ = {
			isa = PBXGroup;
			children = (
				469555E414C2EC30005449FD /* AppAgentTest.h */,
				469555E514C2EC30005449FD /* AppAgentTest.m */,
				469555E614C2EC30005449FD /* ControllerTest */,
				469555F714C2EC30005449FD /* Foo.h */,
				469555F814C2EC30005449FD /* Foo.m */,
				469555F914C2EC30005449FD /* IUTAssertionInfoTest.h */,
				469555FA14C2EC30005449FD /* IUTAssertionInfoTest.m */,
				469555FB14C2EC30005449FD /* IUTAssertionTest.h */,
				469555FC14C2EC30005449FD /* IUTAssertionTest.m */,
				469555FD14C2EC30005449FD /* IUTPreferenceTest.h */,
				469555FE14C2EC30005449FD /* IUTPreferenceTest.m */,
				469555FF14C2EC30005449FD /* IUTResultTableViewCellTest.h */,
				4695560014C2EC30005449FD /* IUTResultTableViewCellTest.m */,
				4695560114C2EC30005449FD /* IUTResultTableViewControllerTest.h */,
				4695560214C2EC30005449FD /* IUTResultTableViewControllerTest.m */,
				4695560314C2EC30005449FD /* IUTTestInheritedTest.h */,
				4695560414C2EC30005449FD /* IUTTestInheritedTest.m */,
				4695560514C2EC30005449FD /* IUTTestRunnerMock.h */,
				4695560614C2EC30005449FD /* IUTTestRunnerMock.m */,
				4695560714C2EC30005449FD /* IUTTestRunnerTest.h */,
				4695560814C2EC30005449FD /* IUTTestRunnerTest.m */,
				4695560914C2EC30005449FD /* IUTTestRunnerViewControllerTest.h */,
				4695560A14C2EC30005449FD /* IUTTestRunnerViewControllerTest.m */,
				4695560B14C2EC30005449FD /* IUTTestTest.h */,
				4695560C14C2EC30005449FD /* IUTTestTest.m */,
				4695560D14C2EC30005449FD /* MyTableViewController.h */,
				4695560E14C2EC30005449FD /* MyTableViewController.m */,
				4695560F14C2EC30005449FD /* MyTableViewController2.h */,
				4695561014C2EC30005449FD /* MyTableViewController2.m */,
				4695561114C2EC30005449FD /* MyTableViewController2.xib */,
				4695561214C2EC30005449FD /* MyViewController.h */,
				4695561314C2EC30005449FD /* MyViewController.m */,
				4695561414C2EC30005449FD /* MyViewController2.h */,
				4695561514C2EC30005449FD /* MyViewController2.m */,
				4695561614C2EC30005449FD /* MyViewController2.xib */,
				4695561714C2EC30005449FD /* NSExceptionTest.h */,
				4695561814C2EC30005449FD /* NSExceptionTest.m */,
				4695561914C2EC30005449FD /* PerformSetUpSequenceTest.h */,
				4695561A14C2EC30005449FD /* PerformSetUpSequenceTest.m */,
				4695561B14C2EC30005449FD /* PreformTestTest.h */,
				4695561C14C2EC30005449FD /* PreformTestTest.m */,
				4695561D14C2EC30005449FD /* SenTestAssertionTest.h */,
				4695561E14C2EC30005449FD /* SenTestAssertionTest.m */,
				4695561F14C2EC30005449FD /* SourceCodeOpenerTest.h */,
				4695562014C2EC30005449FD /* SourceCodeOpenerTest.m */,
			);
			path = SelfTests;
			sourceTree = "<group>";
		};
		469555E614C2EC30005449FD /* ControllerTest */ = {
			isa = PBXGroup;
			children = (
				469555E714C2EC30005449FD /* UINavigationBarBasedTestTest.h */,
				469555E814C2EC30005449FD /* UINavigationBarBasedTestTest.m */,
				469555E914C2EC30005449FD /* UITabBarAndNavigationTestTest.h */,
				469555EA14C2EC30005449FD /* UITabBarAndNavigationTestTest.m */,
				469555EB14C2EC30005449FD /* UITabBarBasedTestTest.h */,
				469555EC14C2EC30005449FD /* UITabBarBasedTestTest.m */,
				469555ED14C2EC30005449FD /* UITableViewBasedTestTest.h */,
				469555EE14C2EC30005449FD /* UITableViewBasedTestTest.m */,
				469555EF14C2EC30005449FD /* UITableViewControllerTestTest.h */,
				469555F014C2EC30005449FD /* UITableViewControllerTestTest.m */,
				469555F114C2EC30005449FD /* UIViewBasedTestTest.h */,
				469555F214C2EC30005449FD /* UIViewBasedTestTest.m */,
				469555F314C2EC30005449FD /* UIViewControllerTestTest.h */,
				469555F414C2EC30005449FD /* UIViewControllerTestTest.m */,
				469555F514C2EC30005449FD /* UIViewControllerTouchBarButtonItemTest.h */,
				469555F614C2EC30005449FD /* UIViewControllerTouchBarButtonItemTest.m */,
			);
			path = ControllerTest;
			sourceTree = "<group>";
		};
		469B32C614B42CFF0041CAF8 = {
			isa = PBXGroup;
			children = (
				469555E314C2EC30005449FD /* SelfTests */,
				4695557E14C2EC19005449FD /* iUnitTest */,
				469B32DC14B42CFF0041CAF8 /* Supporting Files */,
				469B32D414B42CFF0041CAF8 /* Frameworks */,
				469B32D214B42CFF0041CAF8 /* Products */,
			);
			sourceTree = "<group>";
		};
		469B32D214B42CFF0041CAF8 /* Products */ = {
			isa = PBXGroup;
			children = (
				469B32D114B42CFF0041CAF8 /* iUnitTestTest.app */,
			);
			name = Products;
			sourceTree = "<group>";
		};
		469B32D414B42CFF0041CAF8 /* Frameworks */ = {
			isa = PBXGroup;
			children = (
				469B32D514B42CFF0041CAF8 /* UIKit.framework */,
				469B32D714B42CFF0041CAF8 /* Foundation.framework */,
				469B32D914B42CFF0041CAF8 /* CoreGraphics.framework */,
			);
			name = Frameworks;
			sourceTree = "<group>";
		};
		469B32DC14B42CFF0041CAF8 /* Supporting Files */ = {
			isa = PBXGroup;
			children = (
				4684C49A14C2F06200590A35 /* Localizable.strings */,
				4695557914C2EBA7005449FD /* iUnitTestTest-Info.plist */,
				4695557A14C2EBA7005449FD /* iUnitTestTest-Prefix.pch */,
			);
			name = "Supporting Files";
			path = iUnitTest;
			sourceTree = "<group>";
		};
/* End PBXGroup section */

/* Begin PBXNativeTarget section */
		469B32D014B42CFF0041CAF8 /* iUnitTestTest */ = {
			isa = PBXNativeTarget;
			buildConfigurationList = 469B32E914B42CFF0041CAF8 /* Build configuration list for PBXNativeTarget "iUnitTestTest" */;
			buildPhases = (
				469B32CD14B42CFF0041CAF8 /* Sources */,
				469B32CE14B42CFF0041CAF8 /* Frameworks */,
				469B32CF14B42CFF0041CAF8 /* Resources */,
			);
			buildRules = (
			);
			dependencies = (
			);
			name = iUnitTestTest;
			productName = iUnitTest;
			productReference = 469B32D114B42CFF0041CAF8 /* iUnitTestTest.app */;
			productType = "com.apple.product-type.application";
		};
/* End PBXNativeTarget section */

/* Begin PBXProject section */
		469B32C814B42CFF0041CAF8 /* Project object */ = {
			isa = PBXProject;
			attributes = {
				LastUpgradeCheck = 0420;
				ORGANIZATIONNAME = "ITO SOFT DESIGN Inc.";
			};
			buildConfigurationList = 469B32CB14B42CFF0041CAF8 /* Build configuration list for PBXProject "iUnitTestTest" */;
			compatibilityVersion = "Xcode 3.2";
			developmentRegion = English;
			hasScannedForEncodings = 0;
			knownRegions = (
				en,
				Japanese,
				English,
				ja,
			);
			mainGroup = 469B32C614B42CFF0041CAF8;
			productRefGroup = 469B32D214B42CFF0041CAF8 /* Products */;
			projectDirPath = "";
			projectRoot = "";
			targets = (
				469B32D014B42CFF0041CAF8 /* iUnitTestTest */,
			);
		};
/* End PBXProject section */

/* Begin PBXResourcesBuildPhase section */
		469B32CF14B42CFF0041CAF8 /* Resources */ = {
			isa = PBXResourcesBuildPhase;
			buildActionMask = 2147483647;
			files = (
				4695557C14C2EBA7005449FD /* iUnitTestTest-Info.plist in Resources */,
				469555C214C2EC19005449FD /* InfoPlist.strings in Resources */,
				469555C314C2EC19005449FD /* Default.png in Resources */,
				469555C414C2EC19005449FD /* isd_logo_60x40.png in Resources */,
				469555C514C2EC19005449FD /* isd_logo_60x40_w.png in Resources */,
				469555C614C2EC19005449FD /* iunittest_icon.png in Resources */,
				469555C814C2EC19005449FD /* IUTDetailView.xib in Resources */,
				469555C914C2EC19005449FD /* IUTMainWindow.xib in Resources */,
				469555CA14C2EC19005449FD /* IUTTestView.xib in Resources */,
				469555CB14C2EC19005449FD /* Settings.bundle in Resources */,
				469555E014C2EC19005449FD /* iUnitTest-Info.plist in Resources */,
				469555E214C2EC19005449FD /* .do_not_remove_this_directory in Resources */,
				4695563714C2EC30005449FD /* MyTableViewController2.xib in Resources */,
				4695563A14C2EC30005449FD /* MyViewController2.xib in Resources */,
				4684C49714C2EFF600590A35 /* Localizable.strings in Resources */,
				4684C49C14C2F06200590A35 /* Localizable.strings in Resources */,
				4684C49E14C2F06A00590A35 /* Localizable.strings in Resources */,
			);
			runOnlyForDeploymentPostprocessing = 0;
		};
/* End PBXResourcesBuildPhase section */

/* Begin PBXSourcesBuildPhase section */
		469B32CD14B42CFF0041CAF8 /* Sources */ = {
			isa = PBXSourcesBuildPhase;
			buildActionMask = 2147483647;
			files = (
				469555C714C2EC19005449FD /* IUTAppDelegate.m in Sources */,
				469555CC14C2EC19005449FD /* AppAgent.m in Sources */,
				469555CD14C2EC19005449FD /* UINavigationBarBasedTest.m in Sources */,
				469555CE14C2EC19005449FD /* UITabBarAndNavigationBarBasedTest.m in Sources */,
				469555CF14C2EC19005449FD /* UITabBarBasedTest.m in Sources */,
				469555D014C2EC19005449FD /* UITableViewBasedTest.m in Sources */,
				469555D114C2EC19005449FD /* UITableViewControllerTest.m in Sources */,
				469555D214C2EC19005449FD /* UIViewBasedTest.m in Sources */,
				469555D314C2EC19005449FD /* UIViewControllerTest.m in Sources */,
				469555D414C2EC19005449FD /* GTMSenTestCase.m in Sources */,
				469555D514C2EC19005449FD /* IUTAssertion.m in Sources */,
				469555D614C2EC19005449FD /* IUTAssertionInfo.m in Sources */,
				469555D714C2EC19005449FD /* IUTDetailViewController.m in Sources */,
				469555D814C2EC19005449FD /* IUTPreference.m in Sources */,
				469555D914C2EC19005449FD /* IUTResultTableViewCell.m in Sources */,
				469555DA14C2EC19005449FD /* IUTResultTableViewController.m in Sources */,
				469555DB14C2EC19005449FD /* IUTTest.m in Sources */,
				469555DC14C2EC19005449FD /* IUTTestRunner.m in Sources */,
				469555DD14C2EC19005449FD /* IUTTestRunnerViewController.m in Sources */,
				469555DE14C2EC19005449FD /* NSExceptionExtension.m in Sources */,
				469555DF14C2EC19005449FD /* SourceCodeOpener.m in Sources */,
				469555E114C2EC19005449FD /* main.m in Sources */,
				4695562114C2EC30005449FD /* AppAgentTest.m in Sources */,
				4695562214C2EC30005449FD /* UINavigationBarBasedTestTest.m in Sources */,
				4695562314C2EC30005449FD /* UITabBarAndNavigationTestTest.m in Sources */,
				4695562414C2EC30005449FD /* UITabBarBasedTestTest.m in Sources */,
				4695562514C2EC30005449FD /* UITableViewBasedTestTest.m in Sources */,
				4695562614C2EC30005449FD /* UITableViewControllerTestTest.m in Sources */,
				4695562714C2EC30005449FD /* UIViewBasedTestTest.m in Sources */,
				4695562814C2EC30005449FD /* UIViewControllerTestTest.m in Sources */,
				4695562914C2EC30005449FD /* UIViewControllerTouchBarButtonItemTest.m in Sources */,
				4695562A14C2EC30005449FD /* Foo.m in Sources */,
				4695562B14C2EC30005449FD /* IUTAssertionInfoTest.m in Sources */,
				4695562C14C2EC30005449FD /* IUTAssertionTest.m in Sources */,
				4695562D14C2EC30005449FD /* IUTPreferenceTest.m in Sources */,
				4695562E14C2EC30005449FD /* IUTResultTableViewCellTest.m in Sources */,
				4695562F14C2EC30005449FD /* IUTResultTableViewControllerTest.m in Sources */,
				4695563014C2EC30005449FD /* IUTTestInheritedTest.m in Sources */,
				4695563114C2EC30005449FD /* IUTTestRunnerMock.m in Sources */,
				4695563214C2EC30005449FD /* IUTTestRunnerTest.m in Sources */,
				4695563314C2EC30005449FD /* IUTTestRunnerViewControllerTest.m in Sources */,
				4695563414C2EC30005449FD /* IUTTestTest.m in Sources */,
				4695563514C2EC30005449FD /* MyTableViewController.m in Sources */,
				4695563614C2EC30005449FD /* MyTableViewController2.m in Sources */,
				4695563814C2EC30005449FD /* MyViewController.m in Sources */,
				4695563914C2EC30005449FD /* MyViewController2.m in Sources */,
				4695563B14C2EC30005449FD /* NSExceptionTest.m in Sources */,
				4695563C14C2EC30005449FD /* PerformSetUpSequenceTest.m in Sources */,
				4695563D14C2EC30005449FD /* PreformTestTest.m in Sources */,
				4695563E14C2EC30005449FD /* SenTestAssertionTest.m in Sources */,
				4695563F14C2EC30005449FD /* SourceCodeOpenerTest.m in Sources */,
			);
			runOnlyForDeploymentPostprocessing = 0;
		};
/* End PBXSourcesBuildPhase section */

/* Begin PBXVariantGroup section */
		4684C49514C2EFF600590A35 /* Localizable.strings */ = {
			isa = PBXVariantGroup;
			children = (
			);
			name = Localizable.strings;
			path = /Users/ISD/git/BCReader4PLC/BCReader4PLC/vendors/iocore/tests/ioCoreTest/tmp/iunittest/tests/iUnitTestTest/iUnitTest;
			sourceTree = "<absolute>";
		};
		4684C49A14C2F06200590A35 /* Localizable.strings */ = {
			isa = PBXVariantGroup;
			children = (
				4684C49B14C2F06200590A35 /* en */,
				4684C49D14C2F06A00590A35 /* ja */,
			);
			name = Localizable.strings;
			sourceTree = "<group>";
		};
		4695558114C2EC19005449FD /* InfoPlist.strings */ = {
			isa = PBXVariantGroup;
			children = (
				4695558214C2EC19005449FD /* en */,
			);
			name = InfoPlist.strings;
			sourceTree = "<group>";
		};
/* End PBXVariantGroup section */

/* Begin XCBuildConfiguration section */
		469B32E714B42CFF0041CAF8 /* Debug */ = {
			isa = XCBuildConfiguration;
			buildSettings = {
				ALWAYS_SEARCH_USER_PATHS = NO;
				ARCHS = "$(ARCHS_STANDARD_32_BIT)";
				"CODE_SIGN_IDENTITY[sdk=iphoneos*]" = "iPhone Developer";
				COPY_PHASE_STRIP = NO;
				GCC_C_LANGUAGE_STANDARD = gnu99;
				GCC_DYNAMIC_NO_PIC = NO;
				GCC_OPTIMIZATION_LEVEL = 0;
				GCC_PREPROCESSOR_DEFINITIONS = (
					"DEBUG=1",
					"$(inherited)",
				);
				GCC_SYMBOLS_PRIVATE_EXTERN = NO;
				GCC_VERSION = com.apple.compilers.llvm.clang.1_0;
				GCC_WARN_ABOUT_MISSING_PROTOTYPES = YES;
				GCC_WARN_ABOUT_RETURN_TYPE = YES;
				GCC_WARN_UNUSED_VARIABLE = YES;
				IPHONEOS_DEPLOYMENT_TARGET = 5.0;
				SDKROOT = iphoneos;
			};
			name = Debug;
		};
		469B32E814B42CFF0041CAF8 /* Release */ = {
			isa = XCBuildConfiguration;
			buildSettings = {
				ALWAYS_SEARCH_USER_PATHS = NO;
				ARCHS = "$(ARCHS_STANDARD_32_BIT)";
				"CODE_SIGN_IDENTITY[sdk=iphoneos*]" = "iPhone Developer";
				COPY_PHASE_STRIP = YES;
				GCC_C_LANGUAGE_STANDARD = gnu99;
				GCC_VERSION = com.apple.compilers.llvm.clang.1_0;
				GCC_WARN_ABOUT_MISSING_PROTOTYPES = YES;
				GCC_WARN_ABOUT_RETURN_TYPE = YES;
				GCC_WARN_UNUSED_VARIABLE = YES;
				IPHONEOS_DEPLOYMENT_TARGET = 5.0;
				OTHER_CFLAGS = "-DNS_BLOCK_ASSERTIONS=1";
				SDKROOT = iphoneos;
				VALIDATE_PRODUCT = YES;
			};
			name = Release;
		};
		469B32EA14B42CFF0041CAF8 /* Debug */ = {
			isa = XCBuildConfiguration;
			buildSettings = {
				GCC_PRECOMPILE_PREFIX_HEADER = YES;
				GCC_PREFIX_HEADER = "iUnitTestTest-Prefix.pch";
				INFOPLIST_FILE = "iUnitTestTest-Info.plist";
				PRODUCT_NAME = iUnitTestTest;
				WRAPPER_EXTENSION = app;
			};
			name = Debug;
		};
		469B32EB14B42CFF0041CAF8 /* Release */ = {
			isa = XCBuildConfiguration;
			buildSettings = {
				GCC_PRECOMPILE_PREFIX_HEADER = YES;
				GCC_PREFIX_HEADER = "iUnitTestTest-Prefix.pch";
				INFOPLIST_FILE = "iUnitTestTest-Info.plist";
				PRODUCT_NAME = iUnitTestTest;
				WRAPPER_EXTENSION = app;
			};
			name = Release;
		};
/* End XCBuildConfiguration section */

/* Begin XCConfigurationList section */
		469B32CB14B42CFF0041CAF8 /* Build configuration list for PBXProject "iUnitTestTest" */ = {
			isa = XCConfigurationList;
			buildConfigurations = (
				469B32E714B42CFF0041CAF8 /* Debug */,
				469B32E814B42CFF0041CAF8 /* Release */,
			);
			defaultConfigurationIsVisible = 0;
			defaultConfigurationName = Release;
		};
		469B32E914B42CFF0041CAF8 /* Build configuration list for PBXNativeTarget "iUnitTestTest" */ = {
			isa = XCConfigurationList;
			buildConfigurations = (
				469B32EA14B42CFF0041CAF8 /* Debug */,
				469B32EB14B42CFF0041CAF8 /* Release */,
			);
			defaultConfigurationIsVisible = 0;
			defaultConfigurationName = Release;
		};
/* End XCConfigurationList section */
	};
	rootObject = 469B32C814B42CFF0041CAF8 /* Project object */;
}
